// !$*UTF8*$!
{
	archiveVersion = 1;
	classes = {
	};
	objectVersion = 56;
	objects = {

/* Begin PBXBuildFile section */
		C805CA452B1719C1005157BA /* util.m in Sources */ = {isa = PBXBuildFile; fileRef = C805CA442B1719C1005157BA /* util.m */; };
		C81122DF2B16C9CC00AD077B /* troller.m in Sources */ = {isa = PBXBuildFile; fileRef = C81122DE2B16C9CC00AD077B /* troller.m */; };
		C82AFEF42B175AB80070EA49 /* Assets.xcassets in Resources */ = {isa = PBXBuildFile; fileRef = C82AFEF32B175AB80070EA49 /* Assets.xcassets */; };
		C82AFF392B17688E0070EA49 /* usprebooterApp.swift in Sources */ = {isa = PBXBuildFile; fileRef = C82AFEF12B175AA30070EA49 /* usprebooterApp.swift */; };
		C82AFF3A2B1768990070EA49 /* ContentView.swift in Sources */ = {isa = PBXBuildFile; fileRef = C82AFEEF2B175A270070EA49 /* ContentView.swift */; };
		C82AFF3F2B179A8C0070EA49 /* IOKit.framework in Frameworks */ = {isa = PBXBuildFile; fileRef = C82AFF3D2B179A880070EA49 /* IOKit.framework */; };
		C82AFF432B17AA6D0070EA49 /* ldid in Resources */ = {isa = PBXBuildFile; fileRef = C82AFF422B17AA6C0070EA49 /* ldid */; };
		C83594CD2B18E94D00346F80 /* fastPathSign in Resources */ = {isa = PBXBuildFile; fileRef = C83594CC2B18E94D00346F80 /* fastPathSign */; };
		C83594CF2B18F70700346F80 /* overwriter.m in Sources */ = {isa = PBXBuildFile; fileRef = C83594CE2B18F70700346F80 /* overwriter.m */; };
		C83594D22B18F74600346F80 /* vm_unaligned_copy_switch_race.c in Sources */ = {isa = PBXBuildFile; fileRef = C83594D12B18F74600346F80 /* vm_unaligned_copy_switch_race.c */; };
		C85782F12B1B99390096B6B0 /* shim in Resources */ = {isa = PBXBuildFile; fileRef = C85782F02B1B99390096B6B0 /* shim */; };
		C8BFCCA42B3FFE570008D8FD /* fun.m in Sources */ = {isa = PBXBuildFile; fileRef = C8BFCC7F2B3FFE560008D8FD /* fun.m */; };
		C8BFCCA62B3FFE570008D8FD /* dir.m in Sources */ = {isa = PBXBuildFile; fileRef = C8BFCC822B3FFE560008D8FD /* dir.m */; };
		C8BFCCA72B3FFE570008D8FD /* helpers.m in Sources */ = {isa = PBXBuildFile; fileRef = C8BFCC832B3FFE560008D8FD /* helpers.m */; };
		C8BFCCA82B3FFE570008D8FD /* utils.m in Sources */ = {isa = PBXBuildFile; fileRef = C8BFCC842B3FFE560008D8FD /* utils.m */; };
		C8BFCCA92B3FFE570008D8FD /* thanks_opa334dev_htrowii.m in Sources */ = {isa = PBXBuildFile; fileRef = C8BFCC852B3FFE560008D8FD /* thanks_opa334dev_htrowii.m */; };
		C8BFCCAA2B3FFE570008D8FD /* cs_blobs.m in Sources */ = {isa = PBXBuildFile; fileRef = C8BFCC862B3FFE560008D8FD /* cs_blobs.m */; };
		C8BFCCAB2B3FFE570008D8FD /* krw.c in Sources */ = {isa = PBXBuildFile; fileRef = C8BFCC872B3FFE560008D8FD /* krw.c */; };
		C8BFCCAC2B3FFE570008D8FD /* offsets.m in Sources */ = {isa = PBXBuildFile; fileRef = C8BFCC882B3FFE560008D8FD /* offsets.m */; };
		C8BFCCAD2B3FFE570008D8FD /* vnode.m in Sources */ = {isa = PBXBuildFile; fileRef = C8BFCC892B3FFE560008D8FD /* vnode.m */; };
		C8BFCCAE2B3FFE570008D8FD /* proc.c in Sources */ = {isa = PBXBuildFile; fileRef = C8BFCC8A2B3FFE560008D8FD /* proc.c */; };
		C8BFCCB42B427C0F0008D8FD /* Log.swift in Sources */ = {isa = PBXBuildFile; fileRef = C8BFCCB32B427C0F0008D8FD /* Log.swift */; };
/* End PBXBuildFile section */

/* Begin PBXFileReference section */
		C805CA442B1719C1005157BA /* util.m */ = {isa = PBXFileReference; lastKnownFileType = sourcecode.c.objc; path = util.m; sourceTree = "<group>"; };
		C805CA462B1719D5005157BA /* util.h */ = {isa = PBXFileReference; lastKnownFileType = sourcecode.c.h; path = util.h; sourceTree = "<group>"; };
		C811229A2B15E7BB00AD077B /* usprebooter.app */ = {isa = PBXFileReference; explicitFileType = wrapper.application; includeInIndex = 0; path = usprebooter.app; sourceTree = BUILT_PRODUCTS_DIR; };
		C81122AB2B15E7BD00AD077B /* Info.plist */ = {isa = PBXFileReference; lastKnownFileType = text.plist.xml; path = Info.plist; sourceTree = "<group>"; };
		C81122CF2B15EA8600AD077B /* usprebooter-Bridging-Header.h */ = {isa = PBXFileReference; lastKnownFileType = sourcecode.c.h; path = "usprebooter-Bridging-Header.h"; sourceTree = "<group>"; };
		C81122DD2B16C9CB00AD077B /* troller.h */ = {isa = PBXFileReference; lastKnownFileType = sourcecode.c.h; path = troller.h; sourceTree = "<group>"; };
		C81122DE2B16C9CC00AD077B /* troller.m */ = {isa = PBXFileReference; lastKnownFileType = sourcecode.c.objc; path = troller.m; sourceTree = "<group>"; };
		C82AFEEF2B175A270070EA49 /* ContentView.swift */ = {isa = PBXFileReference; lastKnownFileType = sourcecode.swift; path = ContentView.swift; sourceTree = "<group>"; };
		C82AFEF12B175AA30070EA49 /* usprebooterApp.swift */ = {isa = PBXFileReference; fileEncoding = 4; lastKnownFileType = sourcecode.swift; path = usprebooterApp.swift; sourceTree = "<group>"; };
		C82AFEF32B175AB80070EA49 /* Assets.xcassets */ = {isa = PBXFileReference; lastKnownFileType = folder.assetcatalog; path = Assets.xcassets; sourceTree = "<group>"; };
		C82AFF0B2B1762CE0070EA49 /* uicache.h */ = {isa = PBXFileReference; lastKnownFileType = sourcecode.c.h; path = uicache.h; sourceTree = "<group>"; };
		C82AFF0D2B1762CE0070EA49 /* fakeroot */ = {isa = PBXFileReference; lastKnownFileType = text; path = fakeroot; sourceTree = "<group>"; };
		C82AFF102B1762CE0070EA49 /* trolltoolsroothelper */ = {isa = PBXFileReference; lastKnownFileType = "compiled.mach-o.executable"; path = trolltoolsroothelper; sourceTree = "<group>"; };
		C82AFF112B1762CE0070EA49 /* .stamp */ = {isa = PBXFileReference; lastKnownFileType = text; path = .stamp; sourceTree = "<group>"; };
		C82AFF132B1762CE0070EA49 /* uicache.m.df2b699c.Td */ = {isa = PBXFileReference; lastKnownFileType = text; path = uicache.m.df2b699c.Td; sourceTree = "<group>"; };
		C82AFF142B1762CE0070EA49 /* main.m.cb550517.Td */ = {isa = PBXFileReference; lastKnownFileType = text; path = main.m.cb550517.Td; sourceTree = "<group>"; };
		C82AFF152B1762CE0070EA49 /* uicache.m.1773e4a4.Td */ = {isa = PBXFileReference; lastKnownFileType = text; path = uicache.m.1773e4a4.Td; sourceTree = "<group>"; };
		C82AFF162B1762CE0070EA49 /* main.m.1773e4a4.o */ = {isa = PBXFileReference; lastKnownFileType = "compiled.mach-o.objfile"; path = main.m.1773e4a4.o; sourceTree = "<group>"; };
		C82AFF172B1762CE0070EA49 /* uicache.m.1773e4a4.o */ = {isa = PBXFileReference; lastKnownFileType = "compiled.mach-o.objfile"; path = uicache.m.1773e4a4.o; sourceTree = "<group>"; };
		C82AFF182B1762CE0070EA49 /* TSUtil.m.1773e4a4.Td */ = {isa = PBXFileReference; lastKnownFileType = text; path = TSUtil.m.1773e4a4.Td; sourceTree = "<group>"; };
		C82AFF192B1762CE0070EA49 /* main.m.df2b699c.o */ = {isa = PBXFileReference; lastKnownFileType = "compiled.mach-o.objfile"; path = main.m.df2b699c.o; sourceTree = "<group>"; };
		C82AFF1A2B1762CE0070EA49 /* TSUtil.m.cb550517.o */ = {isa = PBXFileReference; lastKnownFileType = "compiled.mach-o.objfile"; path = TSUtil.m.cb550517.o; sourceTree = "<group>"; };
		C82AFF1B2B1762CE0070EA49 /* trolltoolsroothelper.dSYM */ = {isa = PBXFileReference; lastKnownFileType = wrapper.dsym; path = trolltoolsroothelper.dSYM; sourceTree = "<group>"; };
		C82AFF1C2B1762CE0070EA49 /* TSUtil.m.df2b699c.Td */ = {isa = PBXFileReference; lastKnownFileType = text; path = TSUtil.m.df2b699c.Td; sourceTree = "<group>"; };
		C82AFF1D2B1762CE0070EA49 /* uicache.m.df2b699c.o */ = {isa = PBXFileReference; lastKnownFileType = "compiled.mach-o.objfile"; path = uicache.m.df2b699c.o; sourceTree = "<group>"; };
		C82AFF1E2B1762CE0070EA49 /* TSUtil.m.cb550517.Td */ = {isa = PBXFileReference; lastKnownFileType = text; path = TSUtil.m.cb550517.Td; sourceTree = "<group>"; };
		C82AFF1F2B1762CE0070EA49 /* TSUtil.m.1773e4a4.o */ = {isa = PBXFileReference; lastKnownFileType = "compiled.mach-o.objfile"; path = TSUtil.m.1773e4a4.o; sourceTree = "<group>"; };
		C82AFF202B1762CE0070EA49 /* main.m.df2b699c.Td */ = {isa = PBXFileReference; lastKnownFileType = text; path = main.m.df2b699c.Td; sourceTree = "<group>"; };
		C82AFF212B1762CE0070EA49 /* main.m.1773e4a4.Td */ = {isa = PBXFileReference; lastKnownFileType = text; path = main.m.1773e4a4.Td; sourceTree = "<group>"; };
		C82AFF222B1762CE0070EA49 /* uicache.m.cb550517.o */ = {isa = PBXFileReference; lastKnownFileType = "compiled.mach-o.objfile"; path = uicache.m.cb550517.o; sourceTree = "<group>"; };
		C82AFF232B1762CE0070EA49 /* uicache.m.cb550517.Td */ = {isa = PBXFileReference; lastKnownFileType = text; path = uicache.m.cb550517.Td; sourceTree = "<group>"; };
		C82AFF242B1762CE0070EA49 /* TSUtil.m.df2b699c.o */ = {isa = PBXFileReference; lastKnownFileType = "compiled.mach-o.objfile"; path = TSUtil.m.df2b699c.o; sourceTree = "<group>"; };
		C82AFF252B1762CE0070EA49 /* main.m.cb550517.o */ = {isa = PBXFileReference; lastKnownFileType = "compiled.mach-o.objfile"; path = main.m.cb550517.o; sourceTree = "<group>"; };
		C82AFF292B1762CE0070EA49 /* net.sourceloc.trolltoolsroothelper-1.0 */ = {isa = PBXFileReference; lastKnownFileType = text; path = "net.sourceloc.trolltoolsroothelper-1.0"; sourceTree = "<group>"; };
		C82AFF2A2B1762CE0070EA49 /* build_session */ = {isa = PBXFileReference; lastKnownFileType = text; path = build_session; sourceTree = "<group>"; };
		C82AFF2B2B1762CE0070EA49 /* Makefile */ = {isa = PBXFileReference; lastKnownFileType = sourcecode.make; path = Makefile; sourceTree = "<group>"; };
		C82AFF2C2B1762CE0070EA49 /* entitlements.plist */ = {isa = PBXFileReference; lastKnownFileType = text.plist; path = entitlements.plist; sourceTree = "<group>"; };
		C82AFF2D2B1762CE0070EA49 /* TSUtil.m */ = {isa = PBXFileReference; lastKnownFileType = sourcecode.c.objc; path = TSUtil.m; sourceTree = "<group>"; };
		C82AFF2E2B1762CE0070EA49 /* RootHelperSample.xcodeproj */ = {isa = PBXFileReference; lastKnownFileType = "wrapper.pb-project"; path = RootHelperSample.xcodeproj; sourceTree = "<group>"; };
		C82AFF312B1762CE0070EA49 /* main.m */ = {isa = PBXFileReference; lastKnownFileType = sourcecode.c.objc; path = main.m; sourceTree = "<group>"; };
		C82AFF322B1762CE0070EA49 /* uicache.m */ = {isa = PBXFileReference; lastKnownFileType = sourcecode.c.objc; path = uicache.m; sourceTree = "<group>"; };
		C82AFF332B1762CE0070EA49 /* TSUtil.h */ = {isa = PBXFileReference; lastKnownFileType = sourcecode.c.h; path = TSUtil.h; sourceTree = "<group>"; };
		C82AFF342B1762CE0070EA49 /* CoreServices.h */ = {isa = PBXFileReference; lastKnownFileType = sourcecode.c.h; path = CoreServices.h; sourceTree = "<group>"; };
		C82AFF352B1762CE0070EA49 /* RemoteLog.h */ = {isa = PBXFileReference; lastKnownFileType = sourcecode.c.h; path = RemoteLog.h; sourceTree = "<group>"; };
		C82AFF362B1762CE0070EA49 /* control */ = {isa = PBXFileReference; lastKnownFileType = text; path = control; sourceTree = "<group>"; };
		C82AFF3C2B1796D90070EA49 /* IOKit.tbd */ = {isa = PBXFileReference; lastKnownFileType = "sourcecode.text-based-dylib-definition"; name = IOKit.tbd; path = ../theos/sdks/iPhoneOS15.5.sdk/System/Library/Frameworks/IOKit.framework/Versions/Current/IOKit.tbd; sourceTree = "<group>"; };
		C82AFF3D2B179A880070EA49 /* IOKit.framework */ = {isa = PBXFileReference; lastKnownFileType = wrapper.framework; name = IOKit.framework; path = System/Library/Frameworks/IOKit.framework; sourceTree = SDKROOT; };
		C82AFF422B17AA6C0070EA49 /* ldid */ = {isa = PBXFileReference; lastKnownFileType = "compiled.mach-o.executable"; path = ldid; sourceTree = "<group>"; };
		C83594C32B17AC8500346F80 /* MobileContainerManager.framework */ = {isa = PBXFileReference; lastKnownFileType = wrapper.framework; name = MobileContainerManager.framework; path = ../theos/sdks/iPhoneOS15.5.sdk/System/Library/PrivateFrameworks/MobileContainerManager.framework; sourceTree = "<group>"; };
		C83594CC2B18E94D00346F80 /* fastPathSign */ = {isa = PBXFileReference; lastKnownFileType = "compiled.mach-o.executable"; path = fastPathSign; sourceTree = "<group>"; };
		C83594CE2B18F70700346F80 /* overwriter.m */ = {isa = PBXFileReference; lastKnownFileType = sourcecode.c.objc; path = overwriter.m; sourceTree = "<group>"; };
		C83594D02B18F74600346F80 /* vm_unaligned_copy_switch_race.h */ = {isa = PBXFileReference; lastKnownFileType = sourcecode.c.h; path = vm_unaligned_copy_switch_race.h; sourceTree = "<group>"; };
		C83594D12B18F74600346F80 /* vm_unaligned_copy_switch_race.c */ = {isa = PBXFileReference; lastKnownFileType = sourcecode.c.c; path = vm_unaligned_copy_switch_race.c; sourceTree = "<group>"; };
		C83594D32B18F80300346F80 /* overwriter.h */ = {isa = PBXFileReference; lastKnownFileType = sourcecode.c.h; path = overwriter.h; sourceTree = "<group>"; };
		C85782F02B1B99390096B6B0 /* shim */ = {isa = PBXFileReference; fileEncoding = 4; lastKnownFileType = text; name = shim; path = RootHelperSample/launchdshim/shim; sourceTree = SOURCE_ROOT; };
		C8BFCC782B3FFE560008D8FD /* cs_blobs.h */ = {isa = PBXFileReference; fileEncoding = 4; lastKnownFileType = sourcecode.c.h; path = cs_blobs.h; sourceTree = "<group>"; };
		C8BFCC792B3FFE560008D8FD /* thanks_opa334dev_htrowii.h */ = {isa = PBXFileReference; fileEncoding = 4; lastKnownFileType = sourcecode.c.h; path = thanks_opa334dev_htrowii.h; sourceTree = "<group>"; };
		C8BFCC7A2B3FFE560008D8FD /* utils.h */ = {isa = PBXFileReference; fileEncoding = 4; lastKnownFileType = sourcecode.c.h; path = utils.h; sourceTree = "<group>"; };
		C8BFCC7B2B3FFE560008D8FD /* vnode.h */ = {isa = PBXFileReference; fileEncoding = 4; lastKnownFileType = sourcecode.c.h; path = vnode.h; sourceTree = "<group>"; };
		C8BFCC7C2B3FFE560008D8FD /* proc.h */ = {isa = PBXFileReference; fileEncoding = 4; lastKnownFileType = sourcecode.c.h; path = proc.h; sourceTree = "<group>"; };
		C8BFCC7D2B3FFE560008D8FD /* offsets.h */ = {isa = PBXFileReference; fileEncoding = 4; lastKnownFileType = sourcecode.c.h; path = offsets.h; sourceTree = "<group>"; };
		C8BFCC7E2B3FFE560008D8FD /* krw.h */ = {isa = PBXFileReference; fileEncoding = 4; lastKnownFileType = sourcecode.c.h; path = krw.h; sourceTree = "<group>"; };
		C8BFCC7F2B3FFE560008D8FD /* fun.m */ = {isa = PBXFileReference; fileEncoding = 4; lastKnownFileType = sourcecode.c.objc; path = fun.m; sourceTree = "<group>"; };
		C8BFCC822B3FFE560008D8FD /* dir.m */ = {isa = PBXFileReference; fileEncoding = 4; lastKnownFileType = sourcecode.c.objc; path = dir.m; sourceTree = "<group>"; };
		C8BFCC832B3FFE560008D8FD /* helpers.m */ = {isa = PBXFileReference; fileEncoding = 4; lastKnownFileType = sourcecode.c.objc; path = helpers.m; sourceTree = "<group>"; };
		C8BFCC842B3FFE560008D8FD /* utils.m */ = {isa = PBXFileReference; fileEncoding = 4; lastKnownFileType = sourcecode.c.objc; path = utils.m; sourceTree = "<group>"; };
		C8BFCC852B3FFE560008D8FD /* thanks_opa334dev_htrowii.m */ = {isa = PBXFileReference; fileEncoding = 4; lastKnownFileType = sourcecode.c.objc; path = thanks_opa334dev_htrowii.m; sourceTree = "<group>"; };
		C8BFCC862B3FFE560008D8FD /* cs_blobs.m */ = {isa = PBXFileReference; fileEncoding = 4; lastKnownFileType = sourcecode.c.objc; path = cs_blobs.m; sourceTree = "<group>"; };
		C8BFCC872B3FFE560008D8FD /* krw.c */ = {isa = PBXFileReference; fileEncoding = 4; lastKnownFileType = sourcecode.c.c; path = krw.c; sourceTree = "<group>"; };
		C8BFCC882B3FFE560008D8FD /* offsets.m */ = {isa = PBXFileReference; fileEncoding = 4; lastKnownFileType = sourcecode.c.objc; path = offsets.m; sourceTree = "<group>"; };
		C8BFCC892B3FFE560008D8FD /* vnode.m */ = {isa = PBXFileReference; fileEncoding = 4; lastKnownFileType = sourcecode.c.objc; path = vnode.m; sourceTree = "<group>"; };
		C8BFCC8A2B3FFE560008D8FD /* proc.c */ = {isa = PBXFileReference; fileEncoding = 4; lastKnownFileType = sourcecode.c.c; path = proc.c; sourceTree = "<group>"; };
		C8BFCC8C2B3FFE560008D8FD /* fun.h */ = {isa = PBXFileReference; fileEncoding = 4; lastKnownFileType = sourcecode.c.h; path = fun.h; sourceTree = "<group>"; };
		C8BFCC8E2B3FFE560008D8FD /* helpers.h */ = {isa = PBXFileReference; fileEncoding = 4; lastKnownFileType = sourcecode.c.h; path = helpers.h; sourceTree = "<group>"; };
		C8BFCC8F2B3FFE560008D8FD /* dir.h */ = {isa = PBXFileReference; fileEncoding = 4; lastKnownFileType = sourcecode.c.h; path = dir.h; sourceTree = "<group>"; };
		C8BFCC912B3FFE560008D8FD /* krkw.h */ = {isa = PBXFileReference; fileEncoding = 4; lastKnownFileType = sourcecode.c.h; path = krkw.h; sourceTree = "<group>"; };
		C8BFCC942B3FFE560008D8FD /* kread_sem_open.h */ = {isa = PBXFileReference; fileEncoding = 4; lastKnownFileType = sourcecode.c.h; path = kread_sem_open.h; sourceTree = "<group>"; };
		C8BFCC952B3FFE560008D8FD /* kread_kqueue_workloop_ctl.h */ = {isa = PBXFileReference; fileEncoding = 4; lastKnownFileType = sourcecode.c.h; path = kread_kqueue_workloop_ctl.h; sourceTree = "<group>"; };
		C8BFCC972B3FFE560008D8FD /* kwrite_sem_open.h */ = {isa = PBXFileReference; fileEncoding = 4; lastKnownFileType = sourcecode.c.h; path = kwrite_sem_open.h; sourceTree = "<group>"; };
		C8BFCC982B3FFE560008D8FD /* kwrite_dup.h */ = {isa = PBXFileReference; fileEncoding = 4; lastKnownFileType = sourcecode.c.h; path = kwrite_dup.h; sourceTree = "<group>"; };
		C8BFCC9A2B3FFE560008D8FD /* static_info.h */ = {isa = PBXFileReference; fileEncoding = 4; lastKnownFileType = sourcecode.c.h; path = static_info.h; sourceTree = "<group>"; };
		C8BFCC9B2B3FFE560008D8FD /* dynamic_info.h */ = {isa = PBXFileReference; fileEncoding = 4; lastKnownFileType = sourcecode.c.h; path = dynamic_info.h; sourceTree = "<group>"; };
		C8BFCC9C2B3FFE560008D8FD /* puaf.h */ = {isa = PBXFileReference; fileEncoding = 4; lastKnownFileType = sourcecode.c.h; path = puaf.h; sourceTree = "<group>"; };
		C8BFCC9D2B3FFE560008D8FD /* common.h */ = {isa = PBXFileReference; fileEncoding = 4; lastKnownFileType = sourcecode.c.h; path = common.h; sourceTree = "<group>"; };
		C8BFCC9F2B3FFE560008D8FD /* smith.h */ = {isa = PBXFileReference; fileEncoding = 4; lastKnownFileType = sourcecode.c.h; path = smith.h; sourceTree = "<group>"; };
		C8BFCCA02B3FFE560008D8FD /* physpuppet.h */ = {isa = PBXFileReference; fileEncoding = 4; lastKnownFileType = sourcecode.c.h; path = physpuppet.h; sourceTree = "<group>"; };
		C8BFCCA12B3FFE560008D8FD /* perf.h */ = {isa = PBXFileReference; fileEncoding = 4; lastKnownFileType = sourcecode.c.h; path = perf.h; sourceTree = "<group>"; };
		C8BFCCA22B3FFE560008D8FD /* info.h */ = {isa = PBXFileReference; fileEncoding = 4; lastKnownFileType = sourcecode.c.h; path = info.h; sourceTree = "<group>"; };
		C8BFCCA32B3FFE570008D8FD /* libkfd.h */ = {isa = PBXFileReference; fileEncoding = 4; lastKnownFileType = sourcecode.c.h; path = libkfd.h; sourceTree = "<group>"; };
		C8BFCCB32B427C0F0008D8FD /* Log.swift */ = {isa = PBXFileReference; lastKnownFileType = sourcecode.swift; path = Log.swift; sourceTree = "<group>"; };
/* End PBXFileReference section */

/* Begin PBXFrameworksBuildPhase section */
		C81122972B15E7BB00AD077B /* Frameworks */ = {
			isa = PBXFrameworksBuildPhase;
			buildActionMask = 2147483647;
			files = (
				C82AFF3F2B179A8C0070EA49 /* IOKit.framework in Frameworks */,
			);
			runOnlyForDeploymentPostprocessing = 0;
		};
/* End PBXFrameworksBuildPhase section */

/* Begin PBXGroup section */
		C81122912B15E7BB00AD077B = {
			isa = PBXGroup;
			children = (
				C82AFF0A2B1762CE0070EA49 /* RootHelperSample */,
				C811229C2B15E7BB00AD077B /* usprebooter */,
				C811229B2B15E7BB00AD077B /* Products */,
				C82AFF3B2B1796D90070EA49 /* Frameworks */,
			);
			sourceTree = "<group>";
		};
		C811229B2B15E7BB00AD077B /* Products */ = {
			isa = PBXGroup;
			children = (
				C811229A2B15E7BB00AD077B /* usprebooter.app */,
			);
			name = Products;
			sourceTree = "<group>";
		};
		C811229C2B15E7BB00AD077B /* usprebooter */ = {
			isa = PBXGroup;
			children = (
				C8BFCC772B3FFE560008D8FD /* fun */,
				C8BFCC902B3FFE560008D8FD /* libkfd */,
				C8BFCCA32B3FFE570008D8FD /* libkfd.h */,
				C85782F02B1B99390096B6B0 /* shim */,
				C83594CC2B18E94D00346F80 /* fastPathSign */,
				C82AFF422B17AA6C0070EA49 /* ldid */,
				C82AFEF32B175AB80070EA49 /* Assets.xcassets */,
				C82AFEEF2B175A270070EA49 /* ContentView.swift */,
				C82AFEF12B175AA30070EA49 /* usprebooterApp.swift */,
				C81122AB2B15E7BD00AD077B /* Info.plist */,
				C81122CF2B15EA8600AD077B /* usprebooter-Bridging-Header.h */,
				C81122DD2B16C9CB00AD077B /* troller.h */,
				C81122DE2B16C9CC00AD077B /* troller.m */,
				C805CA442B1719C1005157BA /* util.m */,
				C805CA462B1719D5005157BA /* util.h */,
				C83594D32B18F80300346F80 /* overwriter.h */,
				C83594CE2B18F70700346F80 /* overwriter.m */,
				C83594D02B18F74600346F80 /* vm_unaligned_copy_switch_race.h */,
				C83594D12B18F74600346F80 /* vm_unaligned_copy_switch_race.c */,
				C8BFCCB32B427C0F0008D8FD /* Log.swift */,
			);
			path = usprebooter;
			sourceTree = "<group>";
		};
		C82AFF0A2B1762CE0070EA49 /* RootHelperSample */ = {
			isa = PBXGroup;
			children = (
				C82AFF0B2B1762CE0070EA49 /* uicache.h */,
				C82AFF0C2B1762CE0070EA49 /* .theos */,
				C82AFF2B2B1762CE0070EA49 /* Makefile */,
				C82AFF2C2B1762CE0070EA49 /* entitlements.plist */,
				C82AFF2D2B1762CE0070EA49 /* TSUtil.m */,
				C82AFF2E2B1762CE0070EA49 /* RootHelperSample.xcodeproj */,
				C82AFF312B1762CE0070EA49 /* main.m */,
				C82AFF322B1762CE0070EA49 /* uicache.m */,
				C82AFF332B1762CE0070EA49 /* TSUtil.h */,
				C82AFF342B1762CE0070EA49 /* CoreServices.h */,
				C82AFF352B1762CE0070EA49 /* RemoteLog.h */,
				C82AFF362B1762CE0070EA49 /* control */,
			);
			path = RootHelperSample;
			sourceTree = "<group>";
		};
		C82AFF0C2B1762CE0070EA49 /* .theos */ = {
			isa = PBXGroup;
			children = (
				C82AFF0D2B1762CE0070EA49 /* fakeroot */,
				C82AFF0E2B1762CE0070EA49 /* obj */,
				C82AFF262B1762CE0070EA49 /* swift */,
				C82AFF282B1762CE0070EA49 /* packages */,
				C82AFF2A2B1762CE0070EA49 /* build_session */,
			);
			path = .theos;
			sourceTree = "<group>";
		};
		C82AFF0E2B1762CE0070EA49 /* obj */ = {
			isa = PBXGroup;
			children = (
				C82AFF0F2B1762CE0070EA49 /* debug */,
			);
			path = obj;
			sourceTree = "<group>";
		};
		C82AFF0F2B1762CE0070EA49 /* debug */ = {
			isa = PBXGroup;
			children = (
				C82AFF102B1762CE0070EA49 /* trolltoolsroothelper */,
				C82AFF112B1762CE0070EA49 /* .stamp */,
				C82AFF122B1762CE0070EA49 /* arm64 */,
			);
			path = debug;
			sourceTree = "<group>";
		};
		C82AFF122B1762CE0070EA49 /* arm64 */ = {
			isa = PBXGroup;
			children = (
				C82AFF132B1762CE0070EA49 /* uicache.m.df2b699c.Td */,
				C82AFF142B1762CE0070EA49 /* main.m.cb550517.Td */,
				C82AFF152B1762CE0070EA49 /* uicache.m.1773e4a4.Td */,
				C82AFF162B1762CE0070EA49 /* main.m.1773e4a4.o */,
				C82AFF172B1762CE0070EA49 /* uicache.m.1773e4a4.o */,
				C82AFF182B1762CE0070EA49 /* TSUtil.m.1773e4a4.Td */,
				C82AFF192B1762CE0070EA49 /* main.m.df2b699c.o */,
				C82AFF1A2B1762CE0070EA49 /* TSUtil.m.cb550517.o */,
				C82AFF1B2B1762CE0070EA49 /* trolltoolsroothelper.dSYM */,
				C82AFF1C2B1762CE0070EA49 /* TSUtil.m.df2b699c.Td */,
				C82AFF1D2B1762CE0070EA49 /* uicache.m.df2b699c.o */,
				C82AFF1E2B1762CE0070EA49 /* TSUtil.m.cb550517.Td */,
				C82AFF1F2B1762CE0070EA49 /* TSUtil.m.1773e4a4.o */,
				C82AFF202B1762CE0070EA49 /* main.m.df2b699c.Td */,
				C82AFF212B1762CE0070EA49 /* main.m.1773e4a4.Td */,
				C82AFF222B1762CE0070EA49 /* uicache.m.cb550517.o */,
				C82AFF232B1762CE0070EA49 /* uicache.m.cb550517.Td */,
				C82AFF242B1762CE0070EA49 /* TSUtil.m.df2b699c.o */,
				C82AFF252B1762CE0070EA49 /* main.m.cb550517.o */,
			);
			path = arm64;
			sourceTree = "<group>";
		};
		C82AFF262B1762CE0070EA49 /* swift */ = {
			isa = PBXGroup;
			children = (
				C82AFF272B1762CE0070EA49 /* markers */,
			);
			path = swift;
			sourceTree = "<group>";
		};
		C82AFF272B1762CE0070EA49 /* markers */ = {
			isa = PBXGroup;
			children = (
			);
			path = markers;
			sourceTree = "<group>";
		};
		C82AFF282B1762CE0070EA49 /* packages */ = {
			isa = PBXGroup;
			children = (
				C82AFF292B1762CE0070EA49 /* net.sourceloc.trolltoolsroothelper-1.0 */,
			);
			path = packages;
			sourceTree = "<group>";
		};
		C82AFF2F2B1762CE0070EA49 /* Products */ = {
			isa = PBXGroup;
			children = (
			);
			name = Products;
			sourceTree = "<group>";
		};
		C82AFF3B2B1796D90070EA49 /* Frameworks */ = {
			isa = PBXGroup;
			children = (
				C83594C32B17AC8500346F80 /* MobileContainerManager.framework */,
				C82AFF3D2B179A880070EA49 /* IOKit.framework */,
				C82AFF3C2B1796D90070EA49 /* IOKit.tbd */,
			);
			name = Frameworks;
			sourceTree = "<group>";
		};
		C8BFCC772B3FFE560008D8FD /* fun */ = {
			isa = PBXGroup;
			children = (
				C8BFCC782B3FFE560008D8FD /* cs_blobs.h */,
				C8BFCC792B3FFE560008D8FD /* thanks_opa334dev_htrowii.h */,
				C8BFCC7A2B3FFE560008D8FD /* utils.h */,
				C8BFCC7B2B3FFE560008D8FD /* vnode.h */,
				C8BFCC7C2B3FFE560008D8FD /* proc.h */,
				C8BFCC7D2B3FFE560008D8FD /* offsets.h */,
				C8BFCC7E2B3FFE560008D8FD /* krw.h */,
				C8BFCC7F2B3FFE560008D8FD /* fun.m */,
				C8BFCC822B3FFE560008D8FD /* dir.m */,
				C8BFCC832B3FFE560008D8FD /* helpers.m */,
				C8BFCC842B3FFE560008D8FD /* utils.m */,
				C8BFCC852B3FFE560008D8FD /* thanks_opa334dev_htrowii.m */,
				C8BFCC862B3FFE560008D8FD /* cs_blobs.m */,
				C8BFCC872B3FFE560008D8FD /* krw.c */,
				C8BFCC882B3FFE560008D8FD /* offsets.m */,
				C8BFCC892B3FFE560008D8FD /* vnode.m */,
				C8BFCC8A2B3FFE560008D8FD /* proc.c */,
				C8BFCC8C2B3FFE560008D8FD /* fun.h */,
				C8BFCC8E2B3FFE560008D8FD /* helpers.h */,
				C8BFCC8F2B3FFE560008D8FD /* dir.h */,
			);
			path = fun;
			sourceTree = "<group>";
		};
		C8BFCC902B3FFE560008D8FD /* libkfd */ = {
			isa = PBXGroup;
			children = (
				C8BFCC912B3FFE560008D8FD /* krkw.h */,
				C8BFCC922B3FFE560008D8FD /* krkw */,
				C8BFCC992B3FFE560008D8FD /* info */,
				C8BFCC9C2B3FFE560008D8FD /* puaf.h */,
				C8BFCC9D2B3FFE560008D8FD /* common.h */,
				C8BFCC9E2B3FFE560008D8FD /* puaf */,
				C8BFCCA12B3FFE560008D8FD /* perf.h */,
				C8BFCCA22B3FFE560008D8FD /* info.h */,
			);
			path = libkfd;
			sourceTree = "<group>";
		};
		C8BFCC922B3FFE560008D8FD /* krkw */ = {
			isa = PBXGroup;
			children = (
				C8BFCC932B3FFE560008D8FD /* kread */,
				C8BFCC962B3FFE560008D8FD /* kwrite */,
			);
			path = krkw;
			sourceTree = "<group>";
		};
		C8BFCC932B3FFE560008D8FD /* kread */ = {
			isa = PBXGroup;
			children = (
				C8BFCC942B3FFE560008D8FD /* kread_sem_open.h */,
				C8BFCC952B3FFE560008D8FD /* kread_kqueue_workloop_ctl.h */,
			);
			path = kread;
			sourceTree = "<group>";
		};
		C8BFCC962B3FFE560008D8FD /* kwrite */ = {
			isa = PBXGroup;
			children = (
				C8BFCC972B3FFE560008D8FD /* kwrite_sem_open.h */,
				C8BFCC982B3FFE560008D8FD /* kwrite_dup.h */,
			);
			path = kwrite;
			sourceTree = "<group>";
		};
		C8BFCC992B3FFE560008D8FD /* info */ = {
			isa = PBXGroup;
			children = (
				C8BFCC9A2B3FFE560008D8FD /* static_info.h */,
				C8BFCC9B2B3FFE560008D8FD /* dynamic_info.h */,
			);
			path = info;
			sourceTree = "<group>";
		};
		C8BFCC9E2B3FFE560008D8FD /* puaf */ = {
			isa = PBXGroup;
			children = (
				C8BFCC9F2B3FFE560008D8FD /* smith.h */,
				C8BFCCA02B3FFE560008D8FD /* physpuppet.h */,
			);
			path = puaf;
			sourceTree = "<group>";
		};
/* End PBXGroup section */

/* Begin PBXNativeTarget section */
		C81122992B15E7BB00AD077B /* usprebooter */ = {
			isa = PBXNativeTarget;
			buildConfigurationList = C81122C42B15E7BD00AD077B /* Build configuration list for PBXNativeTarget "usprebooter" */;
			buildPhases = (
				C81122962B15E7BB00AD077B /* Sources */,
				C81122972B15E7BB00AD077B /* Frameworks */,
				C81122982B15E7BB00AD077B /* Resources */,
			);
			buildRules = (
			);
			dependencies = (
			);
			name = usprebooter;
			productName = usprebooter;
			productReference = C811229A2B15E7BB00AD077B /* usprebooter.app */;
			productType = "com.apple.product-type.application";
		};
/* End PBXNativeTarget section */

/* Begin PBXProject section */
		C81122922B15E7BB00AD077B /* Project object */ = {
			isa = PBXProject;
			attributes = {
				BuildIndependentTargetsInParallel = 1;
				LastSwiftUpdateCheck = 1500;
				LastUpgradeCheck = 1500;
				TargetAttributes = {
					C81122992B15E7BB00AD077B = {
						CreatedOnToolsVersion = 15.0.1;
						LastSwiftMigration = 1500;
					};
				};
			};
			buildConfigurationList = C81122952B15E7BB00AD077B /* Build configuration list for PBXProject "usprebooter" */;
			compatibilityVersion = "Xcode 14.0";
			developmentRegion = en;
			hasScannedForEncodings = 0;
			knownRegions = (
				en,
				Base,
			);
			mainGroup = C81122912B15E7BB00AD077B;
			productRefGroup = C811229B2B15E7BB00AD077B /* Products */;
			projectDirPath = "";
			projectReferences = (
				{
					ProductGroup = C82AFF2F2B1762CE0070EA49 /* Products */;
					ProjectRef = C82AFF2E2B1762CE0070EA49 /* RootHelperSample.xcodeproj */;
				},
			);
			projectRoot = "";
			targets = (
				C81122992B15E7BB00AD077B /* usprebooter */,
			);
		};
/* End PBXProject section */

/* Begin PBXResourcesBuildPhase section */
		C81122982B15E7BB00AD077B /* Resources */ = {
			isa = PBXResourcesBuildPhase;
			buildActionMask = 2147483647;
			files = (
				C82AFEF42B175AB80070EA49 /* Assets.xcassets in Resources */,
				C85782F12B1B99390096B6B0 /* shim in Resources */,
				C82AFF432B17AA6D0070EA49 /* ldid in Resources */,
				C83594CD2B18E94D00346F80 /* fastPathSign in Resources */,
			);
			runOnlyForDeploymentPostprocessing = 0;
		};
/* End PBXResourcesBuildPhase section */

/* Begin PBXSourcesBuildPhase section */
		C81122962B15E7BB00AD077B /* Sources */ = {
			isa = PBXSourcesBuildPhase;
			buildActionMask = 2147483647;
			files = (
				C805CA452B1719C1005157BA /* util.m in Sources */,
				C8BFCCAA2B3FFE570008D8FD /* cs_blobs.m in Sources */,
				C81122DF2B16C9CC00AD077B /* troller.m in Sources */,
				C8BFCCA82B3FFE570008D8FD /* utils.m in Sources */,
				C83594D22B18F74600346F80 /* vm_unaligned_copy_switch_race.c in Sources */,
				C83594CF2B18F70700346F80 /* overwriter.m in Sources */,
				C82AFF3A2B1768990070EA49 /* ContentView.swift in Sources */,
				C82AFF392B17688E0070EA49 /* usprebooterApp.swift in Sources */,
				C8BFCCB42B427C0F0008D8FD /* Log.swift in Sources */,
				C8BFCCA62B3FFE570008D8FD /* dir.m in Sources */,
				C8BFCCAC2B3FFE570008D8FD /* offsets.m in Sources */,
				C8BFCCA42B3FFE570008D8FD /* fun.m in Sources */,
				C8BFCCA72B3FFE570008D8FD /* helpers.m in Sources */,
				C8BFCCAB2B3FFE570008D8FD /* krw.c in Sources */,
				C8BFCCAE2B3FFE570008D8FD /* proc.c in Sources */,
				C8BFCCAD2B3FFE570008D8FD /* vnode.m in Sources */,
				C8BFCCA92B3FFE570008D8FD /* thanks_opa334dev_htrowii.m in Sources */,
			);
			runOnlyForDeploymentPostprocessing = 0;
		};
/* End PBXSourcesBuildPhase section */

/* Begin XCBuildConfiguration section */
		C81122C22B15E7BD00AD077B /* Debug */ = {
			isa = XCBuildConfiguration;
			buildSettings = {
				ALWAYS_SEARCH_USER_PATHS = NO;
				ASSETCATALOG_COMPILER_GENERATE_SWIFT_ASSET_SYMBOL_EXTENSIONS = YES;
				CLANG_ANALYZER_NONNULL = YES;
				CLANG_ANALYZER_NUMBER_OBJECT_CONVERSION = YES_AGGRESSIVE;
				CLANG_CXX_LANGUAGE_STANDARD = "gnu++20";
				CLANG_ENABLE_MODULES = YES;
				CLANG_ENABLE_OBJC_ARC = YES;
				CLANG_ENABLE_OBJC_WEAK = YES;
				CLANG_WARN_BLOCK_CAPTURE_AUTORELEASING = YES;
				CLANG_WARN_BOOL_CONVERSION = YES;
				CLANG_WARN_COMMA = YES;
				CLANG_WARN_CONSTANT_CONVERSION = YES;
				CLANG_WARN_DEPRECATED_OBJC_IMPLEMENTATIONS = YES;
				CLANG_WARN_DIRECT_OBJC_ISA_USAGE = YES_ERROR;
				CLANG_WARN_DOCUMENTATION_COMMENTS = YES;
				CLANG_WARN_EMPTY_BODY = YES;
				CLANG_WARN_ENUM_CONVERSION = YES;
				CLANG_WARN_INFINITE_RECURSION = YES;
				CLANG_WARN_INT_CONVERSION = YES;
				CLANG_WARN_NON_LITERAL_NULL_CONVERSION = YES;
				CLANG_WARN_OBJC_IMPLICIT_RETAIN_SELF = YES;
				CLANG_WARN_OBJC_LITERAL_CONVERSION = YES;
				CLANG_WARN_OBJC_ROOT_CLASS = YES_ERROR;
				CLANG_WARN_QUOTED_INCLUDE_IN_FRAMEWORK_HEADER = YES;
				CLANG_WARN_RANGE_LOOP_ANALYSIS = YES;
				CLANG_WARN_STRICT_PROTOTYPES = YES;
				CLANG_WARN_SUSPICIOUS_MOVE = YES;
				CLANG_WARN_UNGUARDED_AVAILABILITY = YES_AGGRESSIVE;
				CLANG_WARN_UNREACHABLE_CODE = YES;
				CLANG_WARN__DUPLICATE_METHOD_MATCH = YES;
				COPY_PHASE_STRIP = NO;
				DEBUG_INFORMATION_FORMAT = dwarf;
				ENABLE_STRICT_OBJC_MSGSEND = YES;
				ENABLE_TESTABILITY = YES;
				ENABLE_USER_SCRIPT_SANDBOXING = YES;
				GCC_C_LANGUAGE_STANDARD = gnu17;
				GCC_DYNAMIC_NO_PIC = NO;
				GCC_NO_COMMON_BLOCKS = YES;
				GCC_OPTIMIZATION_LEVEL = 0;
				GCC_PREPROCESSOR_DEFINITIONS = (
					"DEBUG=1",
					"$(inherited)",
				);
				GCC_WARN_64_TO_32_BIT_CONVERSION = YES;
				GCC_WARN_ABOUT_RETURN_TYPE = YES_ERROR;
				GCC_WARN_UNDECLARED_SELECTOR = YES;
				GCC_WARN_UNINITIALIZED_AUTOS = YES_AGGRESSIVE;
				GCC_WARN_UNUSED_FUNCTION = YES;
				GCC_WARN_UNUSED_VARIABLE = YES;
				IPHONEOS_DEPLOYMENT_TARGET = 17.0;
				LOCALIZATION_PREFERS_STRING_CATALOGS = YES;
				MTL_ENABLE_DEBUG_INFO = INCLUDE_SOURCE;
				MTL_FAST_MATH = YES;
				ONLY_ACTIVE_ARCH = YES;
				SDKROOT = iphoneos;
				SWIFT_ACTIVE_COMPILATION_CONDITIONS = "DEBUG $(inherited)";
				SWIFT_OPTIMIZATION_LEVEL = "-Onone";
			};
			name = Debug;
		};
		C81122C32B15E7BD00AD077B /* Release */ = {
			isa = XCBuildConfiguration;
			buildSettings = {
				ALWAYS_SEARCH_USER_PATHS = NO;
				ASSETCATALOG_COMPILER_GENERATE_SWIFT_ASSET_SYMBOL_EXTENSIONS = YES;
				CLANG_ANALYZER_NONNULL = YES;
				CLANG_ANALYZER_NUMBER_OBJECT_CONVERSION = YES_AGGRESSIVE;
				CLANG_CXX_LANGUAGE_STANDARD = "gnu++20";
				CLANG_ENABLE_MODULES = YES;
				CLANG_ENABLE_OBJC_ARC = YES;
				CLANG_ENABLE_OBJC_WEAK = YES;
				CLANG_WARN_BLOCK_CAPTURE_AUTORELEASING = YES;
				CLANG_WARN_BOOL_CONVERSION = YES;
				CLANG_WARN_COMMA = YES;
				CLANG_WARN_CONSTANT_CONVERSION = YES;
				CLANG_WARN_DEPRECATED_OBJC_IMPLEMENTATIONS = YES;
				CLANG_WARN_DIRECT_OBJC_ISA_USAGE = YES_ERROR;
				CLANG_WARN_DOCUMENTATION_COMMENTS = YES;
				CLANG_WARN_EMPTY_BODY = YES;
				CLANG_WARN_ENUM_CONVERSION = YES;
				CLANG_WARN_INFINITE_RECURSION = YES;
				CLANG_WARN_INT_CONVERSION = YES;
				CLANG_WARN_NON_LITERAL_NULL_CONVERSION = YES;
				CLANG_WARN_OBJC_IMPLICIT_RETAIN_SELF = YES;
				CLANG_WARN_OBJC_LITERAL_CONVERSION = YES;
				CLANG_WARN_OBJC_ROOT_CLASS = YES_ERROR;
				CLANG_WARN_QUOTED_INCLUDE_IN_FRAMEWORK_HEADER = YES;
				CLANG_WARN_RANGE_LOOP_ANALYSIS = YES;
				CLANG_WARN_STRICT_PROTOTYPES = YES;
				CLANG_WARN_SUSPICIOUS_MOVE = YES;
				CLANG_WARN_UNGUARDED_AVAILABILITY = YES_AGGRESSIVE;
				CLANG_WARN_UNREACHABLE_CODE = YES;
				CLANG_WARN__DUPLICATE_METHOD_MATCH = YES;
				COPY_PHASE_STRIP = NO;
				DEBUG_INFORMATION_FORMAT = "dwarf-with-dsym";
				ENABLE_NS_ASSERTIONS = NO;
				ENABLE_STRICT_OBJC_MSGSEND = YES;
				ENABLE_USER_SCRIPT_SANDBOXING = YES;
				GCC_C_LANGUAGE_STANDARD = gnu17;
				GCC_NO_COMMON_BLOCKS = YES;
				GCC_WARN_64_TO_32_BIT_CONVERSION = YES;
				GCC_WARN_ABOUT_RETURN_TYPE = YES_ERROR;
				GCC_WARN_UNDECLARED_SELECTOR = YES;
				GCC_WARN_UNINITIALIZED_AUTOS = YES_AGGRESSIVE;
				GCC_WARN_UNUSED_FUNCTION = YES;
				GCC_WARN_UNUSED_VARIABLE = YES;
				IPHONEOS_DEPLOYMENT_TARGET = 17.0;
				LOCALIZATION_PREFERS_STRING_CATALOGS = YES;
				MTL_ENABLE_DEBUG_INFO = NO;
				MTL_FAST_MATH = YES;
				SDKROOT = iphoneos;
				SWIFT_COMPILATION_MODE = wholemodule;
				VALIDATE_PRODUCT = YES;
			};
			name = Release;
		};
		C81122C52B15E7BD00AD077B /* Debug */ = {
			isa = XCBuildConfiguration;
			buildSettings = {
				ASSETCATALOG_COMPILER_APPICON_NAME = AppIcon;
				ASSETCATALOG_COMPILER_GLOBAL_ACCENT_COLOR_NAME = AccentColor;
				CLANG_ENABLE_MODULES = YES;
				CODE_SIGN_ENTITLEMENTS = usprebooter/usprebooter.entitlements;
				CODE_SIGN_STYLE = Automatic;
				CURRENT_PROJECT_VERSION = 1;
				DEVELOPMENT_TEAM = F6N37NLTF9;
				GENERATE_INFOPLIST_FILE = YES;
				INFOPLIST_FILE = usprebooter/Info.plist;
				INFOPLIST_KEY_UIApplicationSupportsIndirectInputEvents = YES;
				INFOPLIST_KEY_UILaunchStoryboardName = LaunchScreen;
				INFOPLIST_KEY_UIMainStoryboardFile = Main;
				INFOPLIST_KEY_UISupportedInterfaceOrientations_iPad = "UIInterfaceOrientationPortrait UIInterfaceOrientationPortraitUpsideDown UIInterfaceOrientationLandscapeLeft UIInterfaceOrientationLandscapeRight";
				INFOPLIST_KEY_UISupportedInterfaceOrientations_iPhone = "UIInterfaceOrientationPortrait UIInterfaceOrientationLandscapeLeft UIInterfaceOrientationLandscapeRight";
				IPHONEOS_DEPLOYMENT_TARGET = 15.6;
				LD_RUNPATH_SEARCH_PATHS = (
					"$(inherited)",
					"@executable_path/Frameworks",
				);
				MARKETING_VERSION = 1.0;
				PRODUCT_BUNDLE_IDENTIFIER = pisshill.usprebooter;
				PRODUCT_NAME = "$(TARGET_NAME)";
				SWIFT_EMIT_LOC_STRINGS = YES;
				SWIFT_OBJC_BRIDGING_HEADER = "usprebooter/usprebooter-Bridging-Header.h";
				SWIFT_OPTIMIZATION_LEVEL = "-Onone";
				SWIFT_VERSION = 5.0;
				TARGETED_DEVICE_FAMILY = "1,2";
			};
			name = Debug;
		};
		C81122C62B15E7BD00AD077B /* Release */ = {
			isa = XCBuildConfiguration;
			buildSettings = {
				ASSETCATALOG_COMPILER_APPICON_NAME = AppIcon;
				ASSETCATALOG_COMPILER_GLOBAL_ACCENT_COLOR_NAME = AccentColor;
				CLANG_ENABLE_MODULES = YES;
				CODE_SIGN_ENTITLEMENTS = usprebooter/usprebooter.entitlements;
				CODE_SIGN_STYLE = Automatic;
				CURRENT_PROJECT_VERSION = 1;
				DEVELOPMENT_TEAM = F6N37NLTF9;
				GENERATE_INFOPLIST_FILE = YES;
				INFOPLIST_FILE = usprebooter/Info.plist;
				INFOPLIST_KEY_UIApplicationSupportsIndirectInputEvents = YES;
				INFOPLIST_KEY_UILaunchStoryboardName = LaunchScreen;
				INFOPLIST_KEY_UIMainStoryboardFile = Main;
				INFOPLIST_KEY_UISupportedInterfaceOrientations_iPad = "UIInterfaceOrientationPortrait UIInterfaceOrientationPortraitUpsideDown UIInterfaceOrientationLandscapeLeft UIInterfaceOrientationLandscapeRight";
				INFOPLIST_KEY_UISupportedInterfaceOrientations_iPhone = "UIInterfaceOrientationPortrait UIInterfaceOrientationLandscapeLeft UIInterfaceOrientationLandscapeRight";
				IPHONEOS_DEPLOYMENT_TARGET = 15.6;
				LD_RUNPATH_SEARCH_PATHS = (
					"$(inherited)",
					"@executable_path/Frameworks",
				);
				MARKETING_VERSION = 1.0;
				PRODUCT_BUNDLE_IDENTIFIER = pisshill.usprebooter;
				PRODUCT_NAME = "$(TARGET_NAME)";
				SWIFT_EMIT_LOC_STRINGS = YES;
				SWIFT_OBJC_BRIDGING_HEADER = "usprebooter/usprebooter-Bridging-Header.h";
				SWIFT_VERSION = 5.0;
				TARGETED_DEVICE_FAMILY = "1,2";
			};
			name = Release;
		};
/* End XCBuildConfiguration section */

/* Begin XCConfigurationList section */
		C81122952B15E7BB00AD077B /* Build configuration list for PBXProject "usprebooter" */ = {
			isa = XCConfigurationList;
			buildConfigurations = (
				C81122C22B15E7BD00AD077B /* Debug */,
				C81122C32B15E7BD00AD077B /* Release */,
			);
			defaultConfigurationIsVisible = 0;
			defaultConfigurationName = Release;
		};
		C81122C42B15E7BD00AD077B /* Build configuration list for PBXNativeTarget "usprebooter" */ = {
			isa = XCConfigurationList;
			buildConfigurations = (
				C81122C52B15E7BD00AD077B /* Debug */,
				C81122C62B15E7BD00AD077B /* Release */,
			);
			defaultConfigurationIsVisible = 0;
			defaultConfigurationName = Release;
		};
/* End XCConfigurationList section */
	};
	rootObject = C81122922B15E7BB00AD077B /* Project object */;
}
