{
  "originHash" : "b809819531d430dc5b7a0fb1fb5538d0321c5d541eed52a9990f37c38dd0f98a",
  "pins" : [
    {
      "identity" : "swift-cmark",
      "kind" : "remoteSourceControl",
      "location" : "https://github.com/apple/swift-cmark.git",
      "state" : {
        "revision" : "3bc2f3e25df0cecc5dc269f7ccae65d0f386f06a",
        "version" : "0.4.0"
      }
    },
    {
      "identity" : "swift-markdown",
      "kind" : "remoteSourceControl",
      "location" : "https://github.com/apple/swift-markdown",
      "state" : {
        "revision" : "4aae40bf6fff5286e0e1672329d17824ce16e081",
        "version" : "0.4.0"
      }
    }
  ],
  "version" : 3
}
