// !$*UTF8*$!
{
	archiveVersion = 1;
	classes = {
	};
	objectVersion = 55;
	objects = {

/* Begin PBXBuildFile section */
		013141FF2B445B26006BEBE9 /* memoryControl.m in Sources */ = {isa = PBXBuildFile; fileRef = 013141FE2B445B26006BEBE9 /* memoryControl.m */; };
		33C3E8B22B5A79FD0043575A /* Markdown in Frameworks */ = {isa = PBXBuildFile; productRef = 33C3E8B12B5A79FD0043575A /* Markdown */; };
		9756F40B2B505A3000172EF9 /* krw.m in Sources */ = {isa = PBXBuildFile; fileRef = 6E9204902B330FAB001D38E5 /* krw.m */; };
		9756F4722B505EE000172EF9 /* patchfinder.m in Sources */ = {isa = PBXBuildFile; fileRef = 9756F4262B505EE000172EF9 /* patchfinder.m */; };
		9756F4892B505EE100172EF9 /* libdimentio.m in Sources */ = {isa = PBXBuildFile; fileRef = 9756F4582B505EE000172EF9 /* libdimentio.m */; };
		9756F48E2B505EE100172EF9 /* patchfinder64.m in Sources */ = {isa = PBXBuildFile; fileRef = 9756F46D2B505EE000172EF9 /* patchfinder64.m */; };
		C805CA452B1719C1005157BA /* util.m in Sources */ = {isa = PBXBuildFile; fileRef = C805CA442B1719C1005157BA /* util.m */; };
		C81122DF2B16C9CC00AD077B /* troller.m in Sources */ = {isa = PBXBuildFile; fileRef = C81122DE2B16C9CC00AD077B /* troller.m */; };
		C81131112C46799000BD1C37 /* cfprefsdshimsignedinjected in Resources */ = {isa = PBXBuildFile; fileRef = C81131102C46798F00BD1C37 /* cfprefsdshimsignedinjected */; };
		C82AFEF42B175AB80070EA49 /* Assets.xcassets in Resources */ = {isa = PBXBuildFile; fileRef = C82AFEF32B175AB80070EA49 /* Assets.xcassets */; };
		C82AFF3F2B179A8C0070EA49 /* IOKit.framework in Frameworks */ = {isa = PBXBuildFile; fileRef = C82AFF3D2B179A880070EA49 /* IOKit.framework */; };
		C82AFF432B17AA6D0070EA49 /* ldid in Resources */ = {isa = PBXBuildFile; fileRef = C82AFF422B17AA6C0070EA49 /* ldid */; };
		C83594CF2B18F70700346F80 /* overwriter.m in Sources */ = {isa = PBXBuildFile; fileRef = C83594CE2B18F70700346F80 /* overwriter.m */; };
		C84002ED2B4A64E200C73950 /* launchdentitlements.plist in Resources */ = {isa = PBXBuildFile; fileRef = C84002EC2B4A64E200C73950 /* launchdentitlements.plist */; };
		C862EB4D2C46EEED0052F3AD /* xpcproxydents.plist in Resources */ = {isa = PBXBuildFile; fileRef = C862EB4C2C46EEED0052F3AD /* xpcproxydents.plist */; };
		C862EB4F2C46EF470052F3AD /* SpringBoardEnts.plist in Resources */ = {isa = PBXBuildFile; fileRef = C862EB4E2C46EF470052F3AD /* SpringBoardEnts.plist */; };
		C862EB512C46EF880052F3AD /* MRUIents.plist in Resources */ = {isa = PBXBuildFile; fileRef = C862EB502C46EF880052F3AD /* MRUIents.plist */; };
		C862EB532C47A9710052F3AD /* installdents.plist in Resources */ = {isa = PBXBuildFile; fileRef = C862EB522C47A9710052F3AD /* installdents.plist */; };
		C862EB5F2C47EDCE0052F3AD /* proc.c in Sources */ = {isa = PBXBuildFile; fileRef = C862EB5E2C47EDCE0052F3AD /* proc.c */; };
		C862EB602C47EE6D0052F3AD /* Serotonin.jp2 in Resources */ = {isa = PBXBuildFile; fileRef = C82599EF2B4C4C07002D0DDA /* Serotonin.jp2 */; };
		C8B1D3A92B5A620500C5562B /* MD.swift in Sources */ = {isa = PBXBuildFile; fileRef = C8B1D39B2B5A620500C5562B /* MD.swift */; };
		C8B1D3AA2B5A620500C5562B /* LicensesViewController.swift in Sources */ = {isa = PBXBuildFile; fileRef = C8B1D39C2B5A620500C5562B /* LicensesViewController.swift */; };
		C8B1D3AB2B5A620500C5562B /* ChangelogViewController.swift in Sources */ = {isa = PBXBuildFile; fileRef = C8B1D39D2B5A620500C5562B /* ChangelogViewController.swift */; };
		C8B1D3AC2B5A620500C5562B /* AboutViewController.swift in Sources */ = {isa = PBXBuildFile; fileRef = C8B1D39E2B5A620500C5562B /* AboutViewController.swift */; };
		C8B1D3AD2B5A620500C5562B /* JailbreakViewController.swift in Sources */ = {isa = PBXBuildFile; fileRef = C8B1D39F2B5A620500C5562B /* JailbreakViewController.swift */; };
		C8B1D3AE2B5A620500C5562B /* OptionsViewController.swift in Sources */ = {isa = PBXBuildFile; fileRef = C8B1D3A02B5A620500C5562B /* OptionsViewController.swift */; };
		C8B1D3AF2B5A620500C5562B /* ToolbarButton.swift in Sources */ = {isa = PBXBuildFile; fileRef = C8B1D3A12B5A620500C5562B /* ToolbarButton.swift */; };
		C8B1D3B02B5A620500C5562B /* Design.swift in Sources */ = {isa = PBXBuildFile; fileRef = C8B1D3A22B5A620500C5562B /* Design.swift */; };
		C8B1D3B12B5A620500C5562B /* Logger.swift in Sources */ = {isa = PBXBuildFile; fileRef = C8B1D3A32B5A620500C5562B /* Logger.swift */; };
		C8B1D3B22B5A620500C5562B /* MainTabBarController.swift in Sources */ = {isa = PBXBuildFile; fileRef = C8B1D3A42B5A620500C5562B /* MainTabBarController.swift */; };
		C8B1D3B32B5A620500C5562B /* SettingsManager.swift in Sources */ = {isa = PBXBuildFile; fileRef = C8B1D3A52B5A620500C5562B /* SettingsManager.swift */; };
		C8B1D3B82B5A635800C5562B /* usprebooterApp.swift in Sources */ = {isa = PBXBuildFile; fileRef = C8B1D3B62B5A635800C5562B /* usprebooterApp.swift */; };
		C8BFCCAC2B3FFE570008D8FD /* offsets.m in Sources */ = {isa = PBXBuildFile; fileRef = C8BFCC882B3FFE560008D8FD /* offsets.m */; };
		C8BFCCAD2B3FFE570008D8FD /* vnode.m in Sources */ = {isa = PBXBuildFile; fileRef = C8BFCC892B3FFE560008D8FD /* vnode.m */; };
		D6F9CF3F2B4B2F7D00274803 /* ct_bypass in Resources */ = {isa = PBXBuildFile; fileRef = D6F9CF3E2B4B2F7D00274803 /* ct_bypass */; };
		D6F9CF412B4B306400274803 /* fastPathSign in Resources */ = {isa = PBXBuildFile; fileRef = D6F9CF402B4B306400274803 /* fastPathSign */; };
/* End PBXBuildFile section */

/* Begin PBXFileReference section */
		013141FE2B445B26006BEBE9 /* memoryControl.m */ = {isa = PBXFileReference; lastKnownFileType = sourcecode.c.objc; path = memoryControl.m; sourceTree = "<group>"; };
		013142012B445B48006BEBE9 /* memoryControl.h */ = {isa = PBXFileReference; lastKnownFileType = sourcecode.c.h; path = memoryControl.h; sourceTree = "<group>"; };
		015C02862B56DE1B0017A081 /* launchdshim */ = {isa = PBXFileReference; lastKnownFileType = folder; path = launchdshim; sourceTree = "<group>"; };
		01F0A8582B4F3A5D0091592F /* landa.h */ = {isa = PBXFileReference; fileEncoding = 4; lastKnownFileType = sourcecode.c.h; path = landa.h; sourceTree = "<group>"; };
		6E9204902B330FAB001D38E5 /* krw.m */ = {isa = PBXFileReference; fileEncoding = 4; lastKnownFileType = sourcecode.c.objc; path = krw.m; sourceTree = "<group>"; };
		6FCA3ADB2B4C702E00E50872 /* libcompression.tbd */ = {isa = PBXFileReference; lastKnownFileType = "sourcecode.text-based-dylib-definition"; name = libcompression.tbd; path = usr/lib/libcompression.tbd; sourceTree = SDKROOT; };
		9756F4242B505EE000172EF9 /* patchfinder64.h */ = {isa = PBXFileReference; fileEncoding = 4; lastKnownFileType = sourcecode.c.h; path = patchfinder64.h; sourceTree = "<group>"; };
		9756F4252B505EE000172EF9 /* libdimentio.h */ = {isa = PBXFileReference; fileEncoding = 4; lastKnownFileType = sourcecode.c.h; path = libdimentio.h; sourceTree = "<group>"; };
		9756F4262B505EE000172EF9 /* patchfinder.m */ = {isa = PBXFileReference; fileEncoding = 4; lastKnownFileType = sourcecode.c.objc; path = patchfinder.m; sourceTree = "<group>"; };
		9756F4582B505EE000172EF9 /* libdimentio.m */ = {isa = PBXFileReference; fileEncoding = 4; lastKnownFileType = sourcecode.c.objc; path = libdimentio.m; sourceTree = "<group>"; };
		9756F46D2B505EE000172EF9 /* patchfinder64.m */ = {isa = PBXFileReference; fileEncoding = 4; lastKnownFileType = sourcecode.c.objc; path = patchfinder64.m; sourceTree = "<group>"; };
		9756F46E2B505EE000172EF9 /* patchfinder.h */ = {isa = PBXFileReference; fileEncoding = 4; lastKnownFileType = sourcecode.c.h; path = patchfinder.h; sourceTree = "<group>"; };
		C805CA442B1719C1005157BA /* util.m */ = {isa = PBXFileReference; lastKnownFileType = sourcecode.c.objc; path = util.m; sourceTree = "<group>"; };
		C805CA462B1719D5005157BA /* util.h */ = {isa = PBXFileReference; lastKnownFileType = sourcecode.c.h; path = util.h; sourceTree = "<group>"; };
		C811229A2B15E7BB00AD077B /* Serotonin.app */ = {isa = PBXFileReference; explicitFileType = wrapper.application; includeInIndex = 0; path = Serotonin.app; sourceTree = BUILT_PRODUCTS_DIR; };
		C81122AB2B15E7BD00AD077B /* Info.plist */ = {isa = PBXFileReference; lastKnownFileType = text.plist.xml; path = Info.plist; sourceTree = "<group>"; };
		C81122CF2B15EA8600AD077B /* usprebooter-Bridging-Header.h */ = {isa = PBXFileReference; lastKnownFileType = sourcecode.c.h; path = "usprebooter-Bridging-Header.h"; sourceTree = "<group>"; };
		C81122DD2B16C9CB00AD077B /* troller.h */ = {isa = PBXFileReference; lastKnownFileType = sourcecode.c.h; path = troller.h; sourceTree = "<group>"; };
		C81122DE2B16C9CC00AD077B /* troller.m */ = {isa = PBXFileReference; lastKnownFileType = sourcecode.c.objc; path = troller.m; sourceTree = "<group>"; };
		C81131082C45B02B00BD1C37 /* MRUIents.plist */ = {isa = PBXFileReference; lastKnownFileType = text.plist.xml; path = MRUIents.plist; sourceTree = "<group>"; };
		C81131102C46798F00BD1C37 /* cfprefsdshimsignedinjected */ = {isa = PBXFileReference; lastKnownFileType = "compiled.mach-o.executable"; name = cfprefsdshimsignedinjected; path = RootHelperSample/launchdshim/cfprefsdshim/cfprefsdshimsignedinjected; sourceTree = "<group>"; };
		C82599EF2B4C4C07002D0DDA /* Serotonin.jp2 */ = {isa = PBXFileReference; lastKnownFileType = file; path = Serotonin.jp2; sourceTree = "<group>"; };
		C82AFEF32B175AB80070EA49 /* Assets.xcassets */ = {isa = PBXFileReference; lastKnownFileType = folder.assetcatalog; path = Assets.xcassets; sourceTree = "<group>"; };
		C82AFF0D2B1762CE0070EA49 /* fakeroot */ = {isa = PBXFileReference; lastKnownFileType = text; path = fakeroot; sourceTree = "<group>"; };
		C82AFF102B1762CE0070EA49 /* trolltoolsroothelper */ = {isa = PBXFileReference; lastKnownFileType = "compiled.mach-o.executable"; path = trolltoolsroothelper; sourceTree = "<group>"; };
		C82AFF112B1762CE0070EA49 /* .stamp */ = {isa = PBXFileReference; lastKnownFileType = text; path = .stamp; sourceTree = "<group>"; };
		C82AFF132B1762CE0070EA49 /* uicache.m.df2b699c.Td */ = {isa = PBXFileReference; lastKnownFileType = text; path = uicache.m.df2b699c.Td; sourceTree = "<group>"; };
		C82AFF142B1762CE0070EA49 /* main.m.cb550517.Td */ = {isa = PBXFileReference; lastKnownFileType = text; path = main.m.cb550517.Td; sourceTree = "<group>"; };
		C82AFF152B1762CE0070EA49 /* uicache.m.1773e4a4.Td */ = {isa = PBXFileReference; lastKnownFileType = text; path = uicache.m.1773e4a4.Td; sourceTree = "<group>"; };
		C82AFF162B1762CE0070EA49 /* main.m.1773e4a4.o */ = {isa = PBXFileReference; lastKnownFileType = "compiled.mach-o.objfile"; path = main.m.1773e4a4.o; sourceTree = "<group>"; };
		C82AFF172B1762CE0070EA49 /* uicache.m.1773e4a4.o */ = {isa = PBXFileReference; lastKnownFileType = "compiled.mach-o.objfile"; path = uicache.m.1773e4a4.o; sourceTree = "<group>"; };
		C82AFF182B1762CE0070EA49 /* TSUtil.m.1773e4a4.Td */ = {isa = PBXFileReference; lastKnownFileType = text; path = TSUtil.m.1773e4a4.Td; sourceTree = "<group>"; };
		C82AFF192B1762CE0070EA49 /* main.m.df2b699c.o */ = {isa = PBXFileReference; lastKnownFileType = "compiled.mach-o.objfile"; path = main.m.df2b699c.o; sourceTree = "<group>"; };
		C82AFF1A2B1762CE0070EA49 /* TSUtil.m.cb550517.o */ = {isa = PBXFileReference; lastKnownFileType = "compiled.mach-o.objfile"; path = TSUtil.m.cb550517.o; sourceTree = "<group>"; };
		C82AFF1B2B1762CE0070EA49 /* trolltoolsroothelper.dSYM */ = {isa = PBXFileReference; lastKnownFileType = wrapper.dsym; path = trolltoolsroothelper.dSYM; sourceTree = "<group>"; };
		C82AFF1C2B1762CE0070EA49 /* TSUtil.m.df2b699c.Td */ = {isa = PBXFileReference; lastKnownFileType = text; path = TSUtil.m.df2b699c.Td; sourceTree = "<group>"; };
		C82AFF1D2B1762CE0070EA49 /* uicache.m.df2b699c.o */ = {isa = PBXFileReference; lastKnownFileType = "compiled.mach-o.objfile"; path = uicache.m.df2b699c.o; sourceTree = "<group>"; };
		C82AFF1E2B1762CE0070EA49 /* TSUtil.m.cb550517.Td */ = {isa = PBXFileReference; lastKnownFileType = text; path = TSUtil.m.cb550517.Td; sourceTree = "<group>"; };
		C82AFF1F2B1762CE0070EA49 /* TSUtil.m.1773e4a4.o */ = {isa = PBXFileReference; lastKnownFileType = "compiled.mach-o.objfile"; path = TSUtil.m.1773e4a4.o; sourceTree = "<group>"; };
		C82AFF202B1762CE0070EA49 /* main.m.df2b699c.Td */ = {isa = PBXFileReference; lastKnownFileType = text; path = main.m.df2b699c.Td; sourceTree = "<group>"; };
		C82AFF212B1762CE0070EA49 /* main.m.1773e4a4.Td */ = {isa = PBXFileReference; lastKnownFileType = text; path = main.m.1773e4a4.Td; sourceTree = "<group>"; };
		C82AFF222B1762CE0070EA49 /* uicache.m.cb550517.o */ = {isa = PBXFileReference; lastKnownFileType = "compiled.mach-o.objfile"; path = uicache.m.cb550517.o; sourceTree = "<group>"; };
		C82AFF232B1762CE0070EA49 /* uicache.m.cb550517.Td */ = {isa = PBXFileReference; lastKnownFileType = text; path = uicache.m.cb550517.Td; sourceTree = "<group>"; };
		C82AFF242B1762CE0070EA49 /* TSUtil.m.df2b699c.o */ = {isa = PBXFileReference; lastKnownFileType = "compiled.mach-o.objfile"; path = TSUtil.m.df2b699c.o; sourceTree = "<group>"; };
		C82AFF252B1762CE0070EA49 /* main.m.cb550517.o */ = {isa = PBXFileReference; lastKnownFileType = "compiled.mach-o.objfile"; path = main.m.cb550517.o; sourceTree = "<group>"; };
		C82AFF292B1762CE0070EA49 /* net.sourceloc.trolltoolsroothelper-1.0 */ = {isa = PBXFileReference; lastKnownFileType = text; path = "net.sourceloc.trolltoolsroothelper-1.0"; sourceTree = "<group>"; };
		C82AFF2A2B1762CE0070EA49 /* build_session */ = {isa = PBXFileReference; lastKnownFileType = text; path = build_session; sourceTree = "<group>"; };
		C82AFF2B2B1762CE0070EA49 /* Makefile */ = {isa = PBXFileReference; lastKnownFileType = sourcecode.make; path = Makefile; sourceTree = "<group>"; };
		C82AFF2C2B1762CE0070EA49 /* entitlements.plist */ = {isa = PBXFileReference; lastKnownFileType = text.plist; path = entitlements.plist; sourceTree = "<group>"; };
		C82AFF2D2B1762CE0070EA49 /* TSUtil.m */ = {isa = PBXFileReference; lastKnownFileType = sourcecode.c.objc; path = TSUtil.m; sourceTree = "<group>"; };
		C82AFF2E2B1762CE0070EA49 /* RootHelperSample.xcodeproj */ = {isa = PBXFileReference; lastKnownFileType = "wrapper.pb-project"; path = RootHelperSample.xcodeproj; sourceTree = "<group>"; };
		C82AFF312B1762CE0070EA49 /* main.m */ = {isa = PBXFileReference; lastKnownFileType = sourcecode.c.objc; path = main.m; sourceTree = "<group>"; };
		C82AFF332B1762CE0070EA49 /* TSUtil.h */ = {isa = PBXFileReference; lastKnownFileType = sourcecode.c.h; path = TSUtil.h; sourceTree = "<group>"; };
		C82AFF342B1762CE0070EA49 /* CoreServices.h */ = {isa = PBXFileReference; lastKnownFileType = sourcecode.c.h; path = CoreServices.h; sourceTree = "<group>"; };
		C82AFF352B1762CE0070EA49 /* RemoteLog.h */ = {isa = PBXFileReference; lastKnownFileType = sourcecode.c.h; path = RemoteLog.h; sourceTree = "<group>"; };
		C82AFF362B1762CE0070EA49 /* control */ = {isa = PBXFileReference; lastKnownFileType = text; path = control; sourceTree = "<group>"; };
		C82AFF3D2B179A880070EA49 /* IOKit.framework */ = {isa = PBXFileReference; lastKnownFileType = wrapper.framework; name = IOKit.framework; path = System/Library/Frameworks/IOKit.framework; sourceTree = SDKROOT; };
		C82AFF422B17AA6C0070EA49 /* ldid */ = {isa = PBXFileReference; lastKnownFileType = "compiled.mach-o.executable"; path = ldid; sourceTree = "<group>"; };
		C83594CE2B18F70700346F80 /* overwriter.m */ = {isa = PBXFileReference; lastKnownFileType = sourcecode.c.objc; path = overwriter.m; sourceTree = "<group>"; };
		C83594D32B18F80300346F80 /* overwriter.h */ = {isa = PBXFileReference; lastKnownFileType = sourcecode.c.h; path = overwriter.h; sourceTree = "<group>"; };
		C84002E32B4A545400C73950 /* insert_dylib.m */ = {isa = PBXFileReference; lastKnownFileType = sourcecode.c.objc; path = insert_dylib.m; sourceTree = "<group>"; };
		C84002E52B4A547B00C73950 /* insert_dylib.h */ = {isa = PBXFileReference; lastKnownFileType = sourcecode.c.h; path = insert_dylib.h; sourceTree = "<group>"; };
		C84002EC2B4A64E200C73950 /* launchdentitlements.plist */ = {isa = PBXFileReference; lastKnownFileType = text.plist; name = launchdentitlements.plist; path = RootHelperSample/launchdshim/launchdentitlements.plist; sourceTree = SOURCE_ROOT; };
		C862EB4C2C46EEED0052F3AD /* xpcproxydents.plist */ = {isa = PBXFileReference; lastKnownFileType = text.plist.xml; name = xpcproxydents.plist; path = RootHelperSample/launchdshim/xpcproxyhook/xpcproxydents.plist; sourceTree = "<group>"; };
		C862EB4E2C46EF470052F3AD /* SpringBoardEnts.plist */ = {isa = PBXFileReference; lastKnownFileType = text.plist.xml; name = SpringBoardEnts.plist; path = RootHelperSample/launchdshim/generalhook/SpringBoardEnts.plist; sourceTree = "<group>"; };
		C862EB502C46EF880052F3AD /* MRUIents.plist */ = {isa = PBXFileReference; lastKnownFileType = text.plist.xml; name = MRUIents.plist; path = RootHelperSample/launchdshim/generalhook/MRUIents.plist; sourceTree = "<group>"; };
		C862EB522C47A9710052F3AD /* installdents.plist */ = {isa = PBXFileReference; lastKnownFileType = text.plist.xml; name = installdents.plist; path = RootHelperSample/launchdshim/generalhook/installdents.plist; sourceTree = "<group>"; };
		C862EB5D2C47EDC60052F3AD /* proc.h */ = {isa = PBXFileReference; fileEncoding = 4; lastKnownFileType = sourcecode.c.h; path = proc.h; sourceTree = "<group>"; };
		C862EB5E2C47EDCE0052F3AD /* proc.c */ = {isa = PBXFileReference; fileEncoding = 4; lastKnownFileType = sourcecode.c.c; path = proc.c; sourceTree = "<group>"; };
		C8B1D3992B5A620500C5562B /* swift-markdown.md */ = {isa = PBXFileReference; fileEncoding = 4; lastKnownFileType = net.daringfireball.markdown; path = "swift-markdown.md"; sourceTree = "<group>"; };
		C8B1D39A2B5A620500C5562B /* Markdownosaur.md */ = {isa = PBXFileReference; fileEncoding = 4; lastKnownFileType = net.daringfireball.markdown; path = Markdownosaur.md; sourceTree = "<group>"; };
		C8B1D39B2B5A620500C5562B /* MD.swift */ = {isa = PBXFileReference; fileEncoding = 4; lastKnownFileType = sourcecode.swift; path = MD.swift; sourceTree = "<group>"; };
		C8B1D39C2B5A620500C5562B /* LicensesViewController.swift */ = {isa = PBXFileReference; fileEncoding = 4; lastKnownFileType = sourcecode.swift; path = LicensesViewController.swift; sourceTree = "<group>"; };
		C8B1D39D2B5A620500C5562B /* ChangelogViewController.swift */ = {isa = PBXFileReference; fileEncoding = 4; lastKnownFileType = sourcecode.swift; path = ChangelogViewController.swift; sourceTree = "<group>"; };
		C8B1D39E2B5A620500C5562B /* AboutViewController.swift */ = {isa = PBXFileReference; fileEncoding = 4; lastKnownFileType = sourcecode.swift; path = AboutViewController.swift; sourceTree = "<group>"; };
		C8B1D39F2B5A620500C5562B /* JailbreakViewController.swift */ = {isa = PBXFileReference; fileEncoding = 4; lastKnownFileType = sourcecode.swift; path = JailbreakViewController.swift; sourceTree = "<group>"; };
		C8B1D3A02B5A620500C5562B /* OptionsViewController.swift */ = {isa = PBXFileReference; fileEncoding = 4; lastKnownFileType = sourcecode.swift; path = OptionsViewController.swift; sourceTree = "<group>"; };
		C8B1D3A12B5A620500C5562B /* ToolbarButton.swift */ = {isa = PBXFileReference; fileEncoding = 4; lastKnownFileType = sourcecode.swift; path = ToolbarButton.swift; sourceTree = "<group>"; };
		C8B1D3A22B5A620500C5562B /* Design.swift */ = {isa = PBXFileReference; fileEncoding = 4; lastKnownFileType = sourcecode.swift; path = Design.swift; sourceTree = "<group>"; };
		C8B1D3A32B5A620500C5562B /* Logger.swift */ = {isa = PBXFileReference; fileEncoding = 4; lastKnownFileType = sourcecode.swift; path = Logger.swift; sourceTree = "<group>"; };
		C8B1D3A42B5A620500C5562B /* MainTabBarController.swift */ = {isa = PBXFileReference; fileEncoding = 4; lastKnownFileType = sourcecode.swift; path = MainTabBarController.swift; sourceTree = "<group>"; };
		C8B1D3A52B5A620500C5562B /* SettingsManager.swift */ = {isa = PBXFileReference; fileEncoding = 4; lastKnownFileType = sourcecode.swift; path = SettingsManager.swift; sourceTree = "<group>"; };
		C8B1D3B62B5A635800C5562B /* usprebooterApp.swift */ = {isa = PBXFileReference; fileEncoding = 4; lastKnownFileType = sourcecode.swift; path = usprebooterApp.swift; sourceTree = "<group>"; };
		C8BFCC7B2B3FFE560008D8FD /* vnode.h */ = {isa = PBXFileReference; fileEncoding = 4; lastKnownFileType = sourcecode.c.h; path = vnode.h; sourceTree = "<group>"; };
		C8BFCC7D2B3FFE560008D8FD /* offsets.h */ = {isa = PBXFileReference; fileEncoding = 4; lastKnownFileType = sourcecode.c.h; path = offsets.h; sourceTree = "<group>"; };
		C8BFCC7E2B3FFE560008D8FD /* krw.h */ = {isa = PBXFileReference; fileEncoding = 4; lastKnownFileType = sourcecode.c.h; path = krw.h; sourceTree = "<group>"; };
		C8BFCC882B3FFE560008D8FD /* offsets.m */ = {isa = PBXFileReference; fileEncoding = 4; lastKnownFileType = sourcecode.c.objc; path = offsets.m; sourceTree = "<group>"; };
		C8BFCC892B3FFE560008D8FD /* vnode.m */ = {isa = PBXFileReference; fileEncoding = 4; lastKnownFileType = sourcecode.c.objc; path = vnode.m; sourceTree = "<group>"; };
		C8BFCC912B3FFE560008D8FD /* krkw.h */ = {isa = PBXFileReference; fileEncoding = 4; lastKnownFileType = sourcecode.c.h; path = krkw.h; sourceTree = "<group>"; };
		C8BFCC942B3FFE560008D8FD /* kread_sem_open.h */ = {isa = PBXFileReference; fileEncoding = 4; lastKnownFileType = sourcecode.c.h; path = kread_sem_open.h; sourceTree = "<group>"; };
		C8BFCC952B3FFE560008D8FD /* kread_kqueue_workloop_ctl.h */ = {isa = PBXFileReference; fileEncoding = 4; lastKnownFileType = sourcecode.c.h; path = kread_kqueue_workloop_ctl.h; sourceTree = "<group>"; };
		C8BFCC972B3FFE560008D8FD /* kwrite_sem_open.h */ = {isa = PBXFileReference; fileEncoding = 4; lastKnownFileType = sourcecode.c.h; path = kwrite_sem_open.h; sourceTree = "<group>"; };
		C8BFCC982B3FFE560008D8FD /* kwrite_dup.h */ = {isa = PBXFileReference; fileEncoding = 4; lastKnownFileType = sourcecode.c.h; path = kwrite_dup.h; sourceTree = "<group>"; };
		C8BFCC9A2B3FFE560008D8FD /* static_info.h */ = {isa = PBXFileReference; fileEncoding = 4; lastKnownFileType = sourcecode.c.h; path = static_info.h; sourceTree = "<group>"; };
		C8BFCC9B2B3FFE560008D8FD /* dynamic_info.h */ = {isa = PBXFileReference; fileEncoding = 4; lastKnownFileType = sourcecode.c.h; path = dynamic_info.h; sourceTree = "<group>"; };
		C8BFCC9C2B3FFE560008D8FD /* puaf.h */ = {isa = PBXFileReference; fileEncoding = 4; lastKnownFileType = sourcecode.c.h; path = puaf.h; sourceTree = "<group>"; };
		C8BFCC9D2B3FFE560008D8FD /* common.h */ = {isa = PBXFileReference; fileEncoding = 4; lastKnownFileType = sourcecode.c.h; path = common.h; sourceTree = "<group>"; };
		C8BFCC9F2B3FFE560008D8FD /* smith.h */ = {isa = PBXFileReference; fileEncoding = 4; lastKnownFileType = sourcecode.c.h; path = smith.h; sourceTree = "<group>"; };
		C8BFCCA02B3FFE560008D8FD /* physpuppet.h */ = {isa = PBXFileReference; fileEncoding = 4; lastKnownFileType = sourcecode.c.h; path = physpuppet.h; sourceTree = "<group>"; };
		C8BFCCA12B3FFE560008D8FD /* perf.h */ = {isa = PBXFileReference; fileEncoding = 4; lastKnownFileType = sourcecode.c.h; path = perf.h; sourceTree = "<group>"; };
		C8BFCCA22B3FFE560008D8FD /* info.h */ = {isa = PBXFileReference; fileEncoding = 4; lastKnownFileType = sourcecode.c.h; path = info.h; sourceTree = "<group>"; };
		C8BFCCA32B3FFE570008D8FD /* libkfd.h */ = {isa = PBXFileReference; fileEncoding = 4; lastKnownFileType = sourcecode.c.h; path = libkfd.h; sourceTree = "<group>"; };
		D6E090922B48E60300AE49BF /* bootstrap.h */ = {isa = PBXFileReference; fileEncoding = 4; lastKnownFileType = sourcecode.c.h; path = bootstrap.h; sourceTree = "<group>"; };
		D6E090942B48E60300AE49BF /* endpoint.h */ = {isa = PBXFileReference; fileEncoding = 4; lastKnownFileType = sourcecode.c.h; path = endpoint.h; sourceTree = "<group>"; };
		D6E090952B48E60300AE49BF /* debug.h */ = {isa = PBXFileReference; fileEncoding = 4; lastKnownFileType = sourcecode.c.h; path = debug.h; sourceTree = "<group>"; };
		D6E090962B48E60300AE49BF /* listener.h */ = {isa = PBXFileReference; fileEncoding = 4; lastKnownFileType = sourcecode.c.h; path = listener.h; sourceTree = "<group>"; };
		D6E090972B48E60300AE49BF /* availability.h */ = {isa = PBXFileReference; fileEncoding = 4; lastKnownFileType = sourcecode.c.h; path = availability.h; sourceTree = "<group>"; };
		D6E090982B48E60300AE49BF /* rich_error.h */ = {isa = PBXFileReference; fileEncoding = 4; lastKnownFileType = sourcecode.c.h; path = rich_error.h; sourceTree = "<group>"; };
		D6E090992B48E60300AE49BF /* xpc.h */ = {isa = PBXFileReference; fileEncoding = 4; lastKnownFileType = sourcecode.c.h; path = xpc.h; sourceTree = "<group>"; };
		D6E0909A2B48E60300AE49BF /* session.h */ = {isa = PBXFileReference; fileEncoding = 4; lastKnownFileType = sourcecode.c.h; path = session.h; sourceTree = "<group>"; };
		D6E0909B2B48E60300AE49BF /* xpc_connection.h */ = {isa = PBXFileReference; fileEncoding = 4; lastKnownFileType = sourcecode.c.h; path = xpc_connection.h; sourceTree = "<group>"; };
		D6E0909C2B48E60300AE49BF /* activity.h */ = {isa = PBXFileReference; fileEncoding = 4; lastKnownFileType = sourcecode.c.h; path = activity.h; sourceTree = "<group>"; };
		D6E0909D2B48E60300AE49BF /* launch.h */ = {isa = PBXFileReference; fileEncoding = 4; lastKnownFileType = sourcecode.c.h; path = launch.h; sourceTree = "<group>"; };
		D6E0909E2B48E60300AE49BF /* base.h */ = {isa = PBXFileReference; fileEncoding = 4; lastKnownFileType = sourcecode.c.h; path = base.h; sourceTree = "<group>"; };
		D6F9CF3E2B4B2F7D00274803 /* ct_bypass */ = {isa = PBXFileReference; lastKnownFileType = "compiled.mach-o.executable"; name = ct_bypass; path = ChOma/output/ios/tests/ct_bypass; sourceTree = "<group>"; };
		D6F9CF402B4B306400274803 /* fastPathSign */ = {isa = PBXFileReference; lastKnownFileType = "compiled.mach-o.executable"; name = fastPathSign; path = RootHelperSample/Exploits/fastPathSign/fastPathSign; sourceTree = "<group>"; };
/* End PBXFileReference section */

/* Begin PBXFrameworksBuildPhase section */
		C81122972B15E7BB00AD077B /* Frameworks */ = {
			isa = PBXFrameworksBuildPhase;
			buildActionMask = 2147483647;
			files = (
				C82AFF3F2B179A8C0070EA49 /* IOKit.framework in Frameworks */,
				33C3E8B22B5A79FD0043575A /* Markdown in Frameworks */,
			);
			runOnlyForDeploymentPostprocessing = 0;
		};
/* End PBXFrameworksBuildPhase section */

/* Begin PBXGroup section */
		9756F41C2B505EE000172EF9 /* kpf */ = {
			isa = PBXGroup;
			children = (
				9756F4242B505EE000172EF9 /* patchfinder64.h */,
				9756F4252B505EE000172EF9 /* libdimentio.h */,
				9756F4262B505EE000172EF9 /* patchfinder.m */,
				9756F4582B505EE000172EF9 /* libdimentio.m */,
				9756F46D2B505EE000172EF9 /* patchfinder64.m */,
				9756F46E2B505EE000172EF9 /* patchfinder.h */,
			);
			path = kpf;
			sourceTree = "<group>";
		};
		C81122912B15E7BB00AD077B = {
			isa = PBXGroup;
			children = (
				C862EB522C47A9710052F3AD /* installdents.plist */,
				C862EB502C46EF880052F3AD /* MRUIents.plist */,
				C862EB4E2C46EF470052F3AD /* SpringBoardEnts.plist */,
				C862EB4C2C46EEED0052F3AD /* xpcproxydents.plist */,
				C81131102C46798F00BD1C37 /* cfprefsdshimsignedinjected */,
				D6F9CF402B4B306400274803 /* fastPathSign */,
				D6F9CF3E2B4B2F7D00274803 /* ct_bypass */,
				C82AFF0A2B1762CE0070EA49 /* RootHelperSample */,
				C811229C2B15E7BB00AD077B /* usprebooter */,
				C811229B2B15E7BB00AD077B /* Products */,
				C82AFF3B2B1796D90070EA49 /* Frameworks */,
			);
			sourceTree = "<group>";
		};
		C811229B2B15E7BB00AD077B /* Products */ = {
			isa = PBXGroup;
			children = (
				C811229A2B15E7BB00AD077B /* Serotonin.app */,
			);
			name = Products;
			sourceTree = "<group>";
		};
		C811229C2B15E7BB00AD077B /* usprebooter */ = {
			isa = PBXGroup;
			children = (
				C8B1D3B62B5A635800C5562B /* usprebooterApp.swift */,
				C8B1D3A52B5A620500C5562B /* SettingsManager.swift */,
				C8B1D3952B5A620500C5562B /* UI */,
				C82AFEF32B175AB80070EA49 /* Assets.xcassets */,
				C82599EF2B4C4C07002D0DDA /* Serotonin.jp2 */,
				C82AFF422B17AA6C0070EA49 /* ldid */,
				C8BFCC772B3FFE560008D8FD /* fun */,
				C81122AB2B15E7BD00AD077B /* Info.plist */,
				C81131082C45B02B00BD1C37 /* MRUIents.plist */,
				C84002EC2B4A64E200C73950 /* launchdentitlements.plist */,
				C8BFCC902B3FFE560008D8FD /* libkfd */,
				C8BFCCA32B3FFE570008D8FD /* libkfd.h */,
				013142012B445B48006BEBE9 /* memoryControl.h */,
				013141FE2B445B26006BEBE9 /* memoryControl.m */,
				C83594D32B18F80300346F80 /* overwriter.h */,
				C83594CE2B18F70700346F80 /* overwriter.m */,
				D6E090912B48E60300AE49BF /* Private Headers I stole from the macOS SDK */,
				C81122DD2B16C9CB00AD077B /* troller.h */,
				C81122DE2B16C9CC00AD077B /* troller.m */,
				C81122CF2B15EA8600AD077B /* usprebooter-Bridging-Header.h */,
				C805CA462B1719D5005157BA /* util.h */,
				C805CA442B1719C1005157BA /* util.m */,
			);
			path = usprebooter;
			sourceTree = "<group>";
		};
		C82AFF0A2B1762CE0070EA49 /* RootHelperSample */ = {
			isa = PBXGroup;
			children = (
				015C02862B56DE1B0017A081 /* launchdshim */,
				C82AFF0C2B1762CE0070EA49 /* .theos */,
				C82AFF2B2B1762CE0070EA49 /* Makefile */,
				C82AFF2C2B1762CE0070EA49 /* entitlements.plist */,
				C82AFF2D2B1762CE0070EA49 /* TSUtil.m */,
				C82AFF2E2B1762CE0070EA49 /* RootHelperSample.xcodeproj */,
				C82AFF312B1762CE0070EA49 /* main.m */,
				C84002E32B4A545400C73950 /* insert_dylib.m */,
				C84002E52B4A547B00C73950 /* insert_dylib.h */,
				C82AFF332B1762CE0070EA49 /* TSUtil.h */,
				C82AFF342B1762CE0070EA49 /* CoreServices.h */,
				C82AFF352B1762CE0070EA49 /* RemoteLog.h */,
				C82AFF362B1762CE0070EA49 /* control */,
			);
			path = RootHelperSample;
			sourceTree = "<group>";
		};
		C82AFF0C2B1762CE0070EA49 /* .theos */ = {
			isa = PBXGroup;
			children = (
				C82AFF0D2B1762CE0070EA49 /* fakeroot */,
				C82AFF0E2B1762CE0070EA49 /* obj */,
				C82AFF262B1762CE0070EA49 /* swift */,
				C82AFF282B1762CE0070EA49 /* packages */,
				C82AFF2A2B1762CE0070EA49 /* build_session */,
			);
			path = .theos;
			sourceTree = "<group>";
		};
		C82AFF0E2B1762CE0070EA49 /* obj */ = {
			isa = PBXGroup;
			children = (
				C82AFF0F2B1762CE0070EA49 /* debug */,
			);
			path = obj;
			sourceTree = "<group>";
		};
		C82AFF0F2B1762CE0070EA49 /* debug */ = {
			isa = PBXGroup;
			children = (
				C82AFF102B1762CE0070EA49 /* trolltoolsroothelper */,
				C82AFF112B1762CE0070EA49 /* .stamp */,
				C82AFF122B1762CE0070EA49 /* arm64 */,
			);
			path = debug;
			sourceTree = "<group>";
		};
		C82AFF122B1762CE0070EA49 /* arm64 */ = {
			isa = PBXGroup;
			children = (
				C82AFF132B1762CE0070EA49 /* uicache.m.df2b699c.Td */,
				C82AFF142B1762CE0070EA49 /* main.m.cb550517.Td */,
				C82AFF152B1762CE0070EA49 /* uicache.m.1773e4a4.Td */,
				C82AFF162B1762CE0070EA49 /* main.m.1773e4a4.o */,
				C82AFF172B1762CE0070EA49 /* uicache.m.1773e4a4.o */,
				C82AFF182B1762CE0070EA49 /* TSUtil.m.1773e4a4.Td */,
				C82AFF192B1762CE0070EA49 /* main.m.df2b699c.o */,
				C82AFF1A2B1762CE0070EA49 /* TSUtil.m.cb550517.o */,
				C82AFF1B2B1762CE0070EA49 /* trolltoolsroothelper.dSYM */,
				C82AFF1C2B1762CE0070EA49 /* TSUtil.m.df2b699c.Td */,
				C82AFF1D2B1762CE0070EA49 /* uicache.m.df2b699c.o */,
				C82AFF1E2B1762CE0070EA49 /* TSUtil.m.cb550517.Td */,
				C82AFF1F2B1762CE0070EA49 /* TSUtil.m.1773e4a4.o */,
				C82AFF202B1762CE0070EA49 /* main.m.df2b699c.Td */,
				C82AFF212B1762CE0070EA49 /* main.m.1773e4a4.Td */,
				C82AFF222B1762CE0070EA49 /* uicache.m.cb550517.o */,
				C82AFF232B1762CE0070EA49 /* uicache.m.cb550517.Td */,
				C82AFF242B1762CE0070EA49 /* TSUtil.m.df2b699c.o */,
				C82AFF252B1762CE0070EA49 /* main.m.cb550517.o */,
			);
			path = arm64;
			sourceTree = "<group>";
		};
		C82AFF262B1762CE0070EA49 /* swift */ = {
			isa = PBXGroup;
			children = (
				C82AFF272B1762CE0070EA49 /* markers */,
			);
			path = swift;
			sourceTree = "<group>";
		};
		C82AFF272B1762CE0070EA49 /* markers */ = {
			isa = PBXGroup;
			children = (
			);
			path = markers;
			sourceTree = "<group>";
		};
		C82AFF282B1762CE0070EA49 /* packages */ = {
			isa = PBXGroup;
			children = (
				C82AFF292B1762CE0070EA49 /* net.sourceloc.trolltoolsroothelper-1.0 */,
			);
			path = packages;
			sourceTree = "<group>";
		};
		C82AFF2F2B1762CE0070EA49 /* Products */ = {
			isa = PBXGroup;
			children = (
			);
			name = Products;
			sourceTree = "<group>";
		};
		C82AFF3B2B1796D90070EA49 /* Frameworks */ = {
			isa = PBXGroup;
			children = (
				6FCA3ADB2B4C702E00E50872 /* libcompression.tbd */,
				C82AFF3D2B179A880070EA49 /* IOKit.framework */,
			);
			name = Frameworks;
			sourceTree = "<group>";
		};
		C8B1D3952B5A620500C5562B /* UI */ = {
			isa = PBXGroup;
			children = (
				C8B1D3962B5A620500C5562B /* Tabs */,
				C8B1D3A32B5A620500C5562B /* Logger.swift */,
				C8B1D3A42B5A620500C5562B /* MainTabBarController.swift */,
			);
			path = UI;
			sourceTree = "<group>";
		};
		C8B1D3962B5A620500C5562B /* Tabs */ = {
			isa = PBXGroup;
			children = (
				C8B1D3972B5A620500C5562B /* ViewsInOptions */,
				C8B1D39F2B5A620500C5562B /* JailbreakViewController.swift */,
				C8B1D3A02B5A620500C5562B /* OptionsViewController.swift */,
				C8B1D3A12B5A620500C5562B /* ToolbarButton.swift */,
				C8B1D3A22B5A620500C5562B /* Design.swift */,
			);
			path = Tabs;
			sourceTree = "<group>";
		};
		C8B1D3972B5A620500C5562B /* ViewsInOptions */ = {
			isa = PBXGroup;
			children = (
				C8B1D3982B5A620500C5562B /* Licenses */,
				C8B1D39B2B5A620500C5562B /* MD.swift */,
				C8B1D39C2B5A620500C5562B /* LicensesViewController.swift */,
				C8B1D39D2B5A620500C5562B /* ChangelogViewController.swift */,
				C8B1D39E2B5A620500C5562B /* AboutViewController.swift */,
			);
			path = ViewsInOptions;
			sourceTree = "<group>";
		};
		C8B1D3982B5A620500C5562B /* Licenses */ = {
			isa = PBXGroup;
			children = (
				C8B1D3992B5A620500C5562B /* swift-markdown.md */,
				C8B1D39A2B5A620500C5562B /* Markdownosaur.md */,
			);
			path = Licenses;
			sourceTree = "<group>";
		};
		C8BFCC772B3FFE560008D8FD /* fun */ = {
			isa = PBXGroup;
			children = (
				C862EB5E2C47EDCE0052F3AD /* proc.c */,
				C862EB5D2C47EDC60052F3AD /* proc.h */,
				9756F41C2B505EE000172EF9 /* kpf */,
				C8BFCC7B2B3FFE560008D8FD /* vnode.h */,
				C8BFCC892B3FFE560008D8FD /* vnode.m */,
				C8BFCC7D2B3FFE560008D8FD /* offsets.h */,
				C8BFCC7E2B3FFE560008D8FD /* krw.h */,
				6E9204902B330FAB001D38E5 /* krw.m */,
				C8BFCC882B3FFE560008D8FD /* offsets.m */,
			);
			path = fun;
			sourceTree = "<group>";
		};
		C8BFCC902B3FFE560008D8FD /* libkfd */ = {
			isa = PBXGroup;
			children = (
				C8BFCC912B3FFE560008D8FD /* krkw.h */,
				C8BFCC922B3FFE560008D8FD /* krkw */,
				C8BFCC992B3FFE560008D8FD /* info */,
				C8BFCC9C2B3FFE560008D8FD /* puaf.h */,
				C8BFCC9D2B3FFE560008D8FD /* common.h */,
				C8BFCC9E2B3FFE560008D8FD /* puaf */,
				C8BFCCA12B3FFE560008D8FD /* perf.h */,
				C8BFCCA22B3FFE560008D8FD /* info.h */,
			);
			path = libkfd;
			sourceTree = "<group>";
		};
		C8BFCC922B3FFE560008D8FD /* krkw */ = {
			isa = PBXGroup;
			children = (
				C8BFCC932B3FFE560008D8FD /* kread */,
				C8BFCC962B3FFE560008D8FD /* kwrite */,
			);
			path = krkw;
			sourceTree = "<group>";
		};
		C8BFCC932B3FFE560008D8FD /* kread */ = {
			isa = PBXGroup;
			children = (
				C8BFCC942B3FFE560008D8FD /* kread_sem_open.h */,
				C8BFCC952B3FFE560008D8FD /* kread_kqueue_workloop_ctl.h */,
			);
			path = kread;
			sourceTree = "<group>";
		};
		C8BFCC962B3FFE560008D8FD /* kwrite */ = {
			isa = PBXGroup;
			children = (
				C8BFCC972B3FFE560008D8FD /* kwrite_sem_open.h */,
				C8BFCC982B3FFE560008D8FD /* kwrite_dup.h */,
			);
			path = kwrite;
			sourceTree = "<group>";
		};
		C8BFCC992B3FFE560008D8FD /* info */ = {
			isa = PBXGroup;
			children = (
				C8BFCC9A2B3FFE560008D8FD /* static_info.h */,
				C8BFCC9B2B3FFE560008D8FD /* dynamic_info.h */,
			);
			path = info;
			sourceTree = "<group>";
		};
		C8BFCC9E2B3FFE560008D8FD /* puaf */ = {
			isa = PBXGroup;
			children = (
				C8BFCC9F2B3FFE560008D8FD /* smith.h */,
				01F0A8582B4F3A5D0091592F /* landa.h */,
				C8BFCCA02B3FFE560008D8FD /* physpuppet.h */,
			);
			path = puaf;
			sourceTree = "<group>";
		};
		D6E090912B48E60300AE49BF /* Private Headers I stole from the macOS SDK */ = {
			isa = PBXGroup;
			children = (
				D6E090922B48E60300AE49BF /* bootstrap.h */,
				D6E090932B48E60300AE49BF /* xpc */,
			);
			path = "Private Headers I stole from the macOS SDK";
			sourceTree = "<group>";
		};
		D6E090932B48E60300AE49BF /* xpc */ = {
			isa = PBXGroup;
			children = (
				D6E090942B48E60300AE49BF /* endpoint.h */,
				D6E090952B48E60300AE49BF /* debug.h */,
				D6E090962B48E60300AE49BF /* listener.h */,
				D6E090972B48E60300AE49BF /* availability.h */,
				D6E090982B48E60300AE49BF /* rich_error.h */,
				D6E090992B48E60300AE49BF /* xpc.h */,
				D6E0909A2B48E60300AE49BF /* session.h */,
				D6E0909B2B48E60300AE49BF /* xpc_connection.h */,
				D6E0909C2B48E60300AE49BF /* activity.h */,
				D6E0909D2B48E60300AE49BF /* launch.h */,
				D6E0909E2B48E60300AE49BF /* base.h */,
			);
			path = xpc;
			sourceTree = "<group>";
		};
/* End PBXGroup section */

/* Begin PBXNativeTarget section */
		C81122992B15E7BB00AD077B /* usprebooter */ = {
			isa = PBXNativeTarget;
			buildConfigurationList = C81122C42B15E7BD00AD077B /* Build configuration list for PBXNativeTarget "usprebooter" */;
			buildPhases = (
				C81122962B15E7BB00AD077B /* Sources */,
				C81122972B15E7BB00AD077B /* Frameworks */,
				C81122982B15E7BB00AD077B /* Resources */,
			);
			buildRules = (
			);
			dependencies = (
			);
			name = usprebooter;
			packageProductDependencies = (
				33C3E8B12B5A79FD0043575A /* Markdown */,
			);
			productName = usprebooter;
			productReference = C811229A2B15E7BB00AD077B /* Serotonin.app */;
			productType = "com.apple.product-type.application";
		};
/* End PBXNativeTarget section */

/* Begin PBXProject section */
		C81122922B15E7BB00AD077B /* Project object */ = {
			isa = PBXProject;
			attributes = {
				BuildIndependentTargetsInParallel = 1;
				LastSwiftUpdateCheck = 1500;
				LastUpgradeCheck = 1500;
				TargetAttributes = {
					C81122992B15E7BB00AD077B = {
						CreatedOnToolsVersion = 15.0.1;
						LastSwiftMigration = 1500;
					};
				};
			};
			buildConfigurationList = C81122952B15E7BB00AD077B /* Build configuration list for PBXProject "Serotonin" */;
			compatibilityVersion = "Xcode 13.0";
			developmentRegion = en;
			hasScannedForEncodings = 0;
			knownRegions = (
				en,
				Base,
			);
			mainGroup = C81122912B15E7BB00AD077B;
			packageReferences = (
				33C3E8B02B5A79FD0043575A /* XCRemoteSwiftPackageReference "swift-markdown" */,
			);
			productRefGroup = C811229B2B15E7BB00AD077B /* Products */;
			projectDirPath = "";
			projectReferences = (
				{
					ProductGroup = C82AFF2F2B1762CE0070EA49 /* Products */;
					ProjectRef = C82AFF2E2B1762CE0070EA49 /* RootHelperSample.xcodeproj */;
				},
			);
			projectRoot = "";
			targets = (
				C81122992B15E7BB00AD077B /* usprebooter */,
			);
		};
/* End PBXProject section */

/* Begin PBXResourcesBuildPhase section */
		C81122982B15E7BB00AD077B /* Resources */ = {
			isa = PBXResourcesBuildPhase;
			buildActionMask = 2147483647;
			files = (
				C862EB602C47EE6D0052F3AD /* Serotonin.jp2 in Resources */,
				C862EB532C47A9710052F3AD /* installdents.plist in Resources */,
				C862EB512C46EF880052F3AD /* MRUIents.plist in Resources */,
				C862EB4D2C46EEED0052F3AD /* xpcproxydents.plist in Resources */,
				D6F9CF412B4B306400274803 /* fastPathSign in Resources */,
				D6F9CF3F2B4B2F7D00274803 /* ct_bypass in Resources */,
				C82AFEF42B175AB80070EA49 /* Assets.xcassets in Resources */,
				C84002ED2B4A64E200C73950 /* launchdentitlements.plist in Resources */,
				C82AFF432B17AA6D0070EA49 /* ldid in Resources */,
				C81131112C46799000BD1C37 /* cfprefsdshimsignedinjected in Resources */,
				C862EB4F2C46EF470052F3AD /* SpringBoardEnts.plist in Resources */,
			);
			runOnlyForDeploymentPostprocessing = 0;
		};
/* End PBXResourcesBuildPhase section */

/* Begin PBXSourcesBuildPhase section */
		C81122962B15E7BB00AD077B /* Sources */ = {
			isa = PBXSourcesBuildPhase;
			buildActionMask = 2147483647;
			files = (
				9756F40B2B505A3000172EF9 /* krw.m in Sources */,
				C8B1D3B02B5A620500C5562B /* Design.swift in Sources */,
				C8B1D3B22B5A620500C5562B /* MainTabBarController.swift in Sources */,
				C805CA452B1719C1005157BA /* util.m in Sources */,
				C81122DF2B16C9CC00AD077B /* troller.m in Sources */,
				C8B1D3AE2B5A620500C5562B /* OptionsViewController.swift in Sources */,
				C8B1D3AD2B5A620500C5562B /* JailbreakViewController.swift in Sources */,
				C8B1D3B12B5A620500C5562B /* Logger.swift in Sources */,
				C8B1D3A92B5A620500C5562B /* MD.swift in Sources */,
				C8B1D3AF2B5A620500C5562B /* ToolbarButton.swift in Sources */,
				C8B1D3AB2B5A620500C5562B /* ChangelogViewController.swift in Sources */,
				C8B1D3B32B5A620500C5562B /* SettingsManager.swift in Sources */,
				9756F48E2B505EE100172EF9 /* patchfinder64.m in Sources */,
				C8B1D3B82B5A635800C5562B /* usprebooterApp.swift in Sources */,
				C8B1D3AC2B5A620500C5562B /* AboutViewController.swift in Sources */,
				C83594CF2B18F70700346F80 /* overwriter.m in Sources */,
				9756F4892B505EE100172EF9 /* libdimentio.m in Sources */,
				C8BFCCAC2B3FFE570008D8FD /* offsets.m in Sources */,
				013141FF2B445B26006BEBE9 /* memoryControl.m in Sources */,
				9756F4722B505EE000172EF9 /* patchfinder.m in Sources */,
				C862EB5F2C47EDCE0052F3AD /* proc.c in Sources */,
				C8B1D3AA2B5A620500C5562B /* LicensesViewController.swift in Sources */,
				C8BFCCAD2B3FFE570008D8FD /* vnode.m in Sources */,
			);
			runOnlyForDeploymentPostprocessing = 0;
		};
/* End PBXSourcesBuildPhase section */

/* Begin XCBuildConfiguration section */
		C81122C22B15E7BD00AD077B /* Debug */ = {
			isa = XCBuildConfiguration;
			buildSettings = {
				ALWAYS_SEARCH_USER_PATHS = NO;
				ASSETCATALOG_COMPILER_GENERATE_SWIFT_ASSET_SYMBOL_EXTENSIONS = YES;
				CLANG_ANALYZER_NONNULL = YES;
				CLANG_ANALYZER_NUMBER_OBJECT_CONVERSION = YES_AGGRESSIVE;
				CLANG_CXX_LANGUAGE_STANDARD = "gnu++20";
				CLANG_ENABLE_MODULES = YES;
				CLANG_ENABLE_OBJC_ARC = YES;
				CLANG_ENABLE_OBJC_WEAK = YES;
				CLANG_WARN_BLOCK_CAPTURE_AUTORELEASING = YES;
				CLANG_WARN_BOOL_CONVERSION = YES;
				CLANG_WARN_COMMA = YES;
				CLANG_WARN_CONSTANT_CONVERSION = YES;
				CLANG_WARN_DEPRECATED_OBJC_IMPLEMENTATIONS = YES;
				CLANG_WARN_DIRECT_OBJC_ISA_USAGE = YES_ERROR;
				CLANG_WARN_DOCUMENTATION_COMMENTS = YES;
				CLANG_WARN_EMPTY_BODY = YES;
				CLANG_WARN_ENUM_CONVERSION = YES;
				CLANG_WARN_INFINITE_RECURSION = YES;
				CLANG_WARN_INT_CONVERSION = YES;
				CLANG_WARN_NON_LITERAL_NULL_CONVERSION = YES;
				CLANG_WARN_OBJC_IMPLICIT_RETAIN_SELF = YES;
				CLANG_WARN_OBJC_LITERAL_CONVERSION = YES;
				CLANG_WARN_OBJC_ROOT_CLASS = YES_ERROR;
				CLANG_WARN_QUOTED_INCLUDE_IN_FRAMEWORK_HEADER = YES;
				CLANG_WARN_RANGE_LOOP_ANALYSIS = YES;
				CLANG_WARN_STRICT_PROTOTYPES = YES;
				CLANG_WARN_SUSPICIOUS_MOVE = YES;
				CLANG_WARN_UNGUARDED_AVAILABILITY = YES_AGGRESSIVE;
				CLANG_WARN_UNREACHABLE_CODE = YES;
				CLANG_WARN__DUPLICATE_METHOD_MATCH = YES;
				COPY_PHASE_STRIP = NO;
				DEBUG_INFORMATION_FORMAT = dwarf;
				ENABLE_STRICT_OBJC_MSGSEND = YES;
				ENABLE_TESTABILITY = YES;
				ENABLE_USER_SCRIPT_SANDBOXING = YES;
				GCC_C_LANGUAGE_STANDARD = gnu17;
				GCC_DYNAMIC_NO_PIC = NO;
				GCC_NO_COMMON_BLOCKS = YES;
				GCC_OPTIMIZATION_LEVEL = 0;
				GCC_PREPROCESSOR_DEFINITIONS = (
					"DEBUG=1",
					"$(inherited)",
				);
				GCC_WARN_64_TO_32_BIT_CONVERSION = YES;
				GCC_WARN_ABOUT_RETURN_TYPE = YES_ERROR;
				GCC_WARN_UNDECLARED_SELECTOR = YES;
				GCC_WARN_UNINITIALIZED_AUTOS = YES_AGGRESSIVE;
				GCC_WARN_UNUSED_FUNCTION = YES;
				GCC_WARN_UNUSED_VARIABLE = YES;
				IPHONEOS_DEPLOYMENT_TARGET = 15.0;
				LOCALIZATION_PREFERS_STRING_CATALOGS = YES;
				MTL_ENABLE_DEBUG_INFO = INCLUDE_SOURCE;
				MTL_FAST_MATH = YES;
				ONLY_ACTIVE_ARCH = YES;
				SDKROOT = iphoneos;
				SWIFT_ACTIVE_COMPILATION_CONDITIONS = "DEBUG $(inherited)";
				SWIFT_OPTIMIZATION_LEVEL = "-Onone";
			};
			name = Debug;
		};
		C81122C32B15E7BD00AD077B /* Release */ = {
			isa = XCBuildConfiguration;
			buildSettings = {
				ALWAYS_SEARCH_USER_PATHS = NO;
				ASSETCATALOG_COMPILER_GENERATE_SWIFT_ASSET_SYMBOL_EXTENSIONS = YES;
				CLANG_ANALYZER_NONNULL = YES;
				CLANG_ANALYZER_NUMBER_OBJECT_CONVERSION = YES_AGGRESSIVE;
				CLANG_CXX_LANGUAGE_STANDARD = "gnu++20";
				CLANG_ENABLE_MODULES = YES;
				CLANG_ENABLE_OBJC_ARC = YES;
				CLANG_ENABLE_OBJC_WEAK = YES;
				CLANG_WARN_BLOCK_CAPTURE_AUTORELEASING = YES;
				CLANG_WARN_BOOL_CONVERSION = YES;
				CLANG_WARN_COMMA = YES;
				CLANG_WARN_CONSTANT_CONVERSION = YES;
				CLANG_WARN_DEPRECATED_OBJC_IMPLEMENTATIONS = YES;
				CLANG_WARN_DIRECT_OBJC_ISA_USAGE = YES_ERROR;
				CLANG_WARN_DOCUMENTATION_COMMENTS = YES;
				CLANG_WARN_EMPTY_BODY = YES;
				CLANG_WARN_ENUM_CONVERSION = YES;
				CLANG_WARN_INFINITE_RECURSION = YES;
				CLANG_WARN_INT_CONVERSION = YES;
				CLANG_WARN_NON_LITERAL_NULL_CONVERSION = YES;
				CLANG_WARN_OBJC_IMPLICIT_RETAIN_SELF = YES;
				CLANG_WARN_OBJC_LITERAL_CONVERSION = YES;
				CLANG_WARN_OBJC_ROOT_CLASS = YES_ERROR;
				CLANG_WARN_QUOTED_INCLUDE_IN_FRAMEWORK_HEADER = YES;
				CLANG_WARN_RANGE_LOOP_ANALYSIS = YES;
				CLANG_WARN_STRICT_PROTOTYPES = YES;
				CLANG_WARN_SUSPICIOUS_MOVE = YES;
				CLANG_WARN_UNGUARDED_AVAILABILITY = YES_AGGRESSIVE;
				CLANG_WARN_UNREACHABLE_CODE = YES;
				CLANG_WARN__DUPLICATE_METHOD_MATCH = YES;
				COPY_PHASE_STRIP = NO;
				DEBUG_INFORMATION_FORMAT = "dwarf-with-dsym";
				ENABLE_NS_ASSERTIONS = NO;
				ENABLE_STRICT_OBJC_MSGSEND = YES;
				ENABLE_USER_SCRIPT_SANDBOXING = YES;
				GCC_C_LANGUAGE_STANDARD = gnu17;
				GCC_NO_COMMON_BLOCKS = YES;
				GCC_WARN_64_TO_32_BIT_CONVERSION = YES;
				GCC_WARN_ABOUT_RETURN_TYPE = YES_ERROR;
				GCC_WARN_UNDECLARED_SELECTOR = YES;
				GCC_WARN_UNINITIALIZED_AUTOS = YES_AGGRESSIVE;
				GCC_WARN_UNUSED_FUNCTION = YES;
				GCC_WARN_UNUSED_VARIABLE = YES;
				IPHONEOS_DEPLOYMENT_TARGET = 15.0;
				LOCALIZATION_PREFERS_STRING_CATALOGS = YES;
				MTL_ENABLE_DEBUG_INFO = NO;
				MTL_FAST_MATH = YES;
				SDKROOT = iphoneos;
				SWIFT_COMPILATION_MODE = wholemodule;
				VALIDATE_PRODUCT = YES;
			};
			name = Release;
		};
		C81122C52B15E7BD00AD077B /* Debug */ = {
			isa = XCBuildConfiguration;
			buildSettings = {
				ASSETCATALOG_COMPILER_APPICON_NAME = AppIcon;
				ASSETCATALOG_COMPILER_GLOBAL_ACCENT_COLOR_NAME = AccentColor;
				CLANG_ENABLE_MODULES = YES;
				CODE_SIGN_IDENTITY = "";
				CODE_SIGN_STYLE = Automatic;
				CURRENT_PROJECT_VERSION = 1;
				DEVELOPMENT_TEAM = "";
				GENERATE_INFOPLIST_FILE = YES;
				INFOPLIST_FILE = usprebooter/Info.plist;
				INFOPLIST_KEY_CFBundleDisplayName = Serotonin;
				INFOPLIST_KEY_LSApplicationCategoryType = "public.app-category.utilities";
				INFOPLIST_KEY_UIApplicationSupportsIndirectInputEvents = YES;
				INFOPLIST_KEY_UILaunchStoryboardName = LaunchScreen;
				INFOPLIST_KEY_UISupportedInterfaceOrientations = "UIInterfaceOrientationLandscapeLeft UIInterfaceOrientationLandscapeRight UIInterfaceOrientationPortrait UIInterfaceOrientationPortraitUpsideDown";
				IPHONEOS_DEPLOYMENT_TARGET = 15.0;
				LD_RUNPATH_SEARCH_PATHS = (
					"$(inherited)",
					"@executable_path/Frameworks",
				);
				LIBRARY_SEARCH_PATHS = (
					"$(inherited)",
					"$(PROJECT_DIR)/RootHelperSample/launchdshim/launchdhook",
					"$(PROJECT_DIR)/RootHelperSample/launchdshim/SpringBoardShim/SpringBoardHook",
					"$(PROJECT_DIR)/usprebooter/lib",
					"$(PROJECT_DIR)/usprebooter/fun/kpf/libgrabkernel/deps",
					"$(PROJECT_DIR)/usprebooter/fun/kpf/libgrabkernel/deps/curl-static",
				);
				MARKETING_VERSION = 2.0;
				PRODUCT_BUNDLE_IDENTIFIER = pisshill.usprebooter;
				PRODUCT_NAME = Serotonin;
				SWIFT_EMIT_LOC_STRINGS = YES;
				SWIFT_OBJC_BRIDGING_HEADER = "usprebooter/usprebooter-Bridging-Header.h";
				SWIFT_OPTIMIZATION_LEVEL = "-Onone";
				SWIFT_VERSION = 5.0;
				TARGETED_DEVICE_FAMILY = "1,2";
			};
			name = Debug;
		};
		C81122C62B15E7BD00AD077B /* Release */ = {
			isa = XCBuildConfiguration;
			buildSettings = {
				ASSETCATALOG_COMPILER_APPICON_NAME = AppIcon;
				ASSETCATALOG_COMPILER_GLOBAL_ACCENT_COLOR_NAME = AccentColor;
				CLANG_ENABLE_MODULES = YES;
				CODE_SIGN_IDENTITY = "";
				CODE_SIGN_STYLE = Automatic;
				CURRENT_PROJECT_VERSION = 1;
				DEVELOPMENT_TEAM = "";
				GENERATE_INFOPLIST_FILE = YES;
				INFOPLIST_FILE = usprebooter/Info.plist;
				INFOPLIST_KEY_CFBundleDisplayName = Serotonin;
				INFOPLIST_KEY_LSApplicationCategoryType = "public.app-category.utilities";
				INFOPLIST_KEY_UIApplicationSupportsIndirectInputEvents = YES;
				INFOPLIST_KEY_UILaunchStoryboardName = LaunchScreen;
				INFOPLIST_KEY_UISupportedInterfaceOrientations = "UIInterfaceOrientationLandscapeLeft UIInterfaceOrientationLandscapeRight UIInterfaceOrientationPortrait UIInterfaceOrientationPortraitUpsideDown";
				IPHONEOS_DEPLOYMENT_TARGET = 15.0;
				LD_RUNPATH_SEARCH_PATHS = (
					"$(inherited)",
					"@executable_path/Frameworks",
				);
				LIBRARY_SEARCH_PATHS = (
					"$(inherited)",
					"$(PROJECT_DIR)/RootHelperSample/launchdshim/launchdhook",
					"$(PROJECT_DIR)/RootHelperSample/launchdshim/SpringBoardShim/SpringBoardHook",
					"$(PROJECT_DIR)/usprebooter/lib",
					"$(PROJECT_DIR)/usprebooter/fun/kpf/libgrabkernel/deps",
					"$(PROJECT_DIR)/usprebooter/fun/kpf/libgrabkernel/deps/curl-static",
				);
				MARKETING_VERSION = 2.0;
				PRODUCT_BUNDLE_IDENTIFIER = pisshill.usprebooter;
				PRODUCT_NAME = Serotonin;
				SWIFT_EMIT_LOC_STRINGS = YES;
				SWIFT_OBJC_BRIDGING_HEADER = "usprebooter/usprebooter-Bridging-Header.h";
				SWIFT_VERSION = 5.0;
				TARGETED_DEVICE_FAMILY = "1,2";
			};
			name = Release;
		};
/* End XCBuildConfiguration section */

/* Begin XCConfigurationList section */
		C81122952B15E7BB00AD077B /* Build configuration list for PBXProject "Serotonin" */ = {
			isa = XCConfigurationList;
			buildConfigurations = (
				C81122C22B15E7BD00AD077B /* Debug */,
				C81122C32B15E7BD00AD077B /* Release */,
			);
			defaultConfigurationIsVisible = 0;
			defaultConfigurationName = Release;
		};
		C81122C42B15E7BD00AD077B /* Build configuration list for PBXNativeTarget "usprebooter" */ = {
			isa = XCConfigurationList;
			buildConfigurations = (
				C81122C52B15E7BD00AD077B /* Debug */,
				C81122C62B15E7BD00AD077B /* Release */,
			);
			defaultConfigurationIsVisible = 0;
			defaultConfigurationName = Release;
		};
/* End XCConfigurationList section */

/* Begin XCRemoteSwiftPackageReference section */
		33C3E8B02B5A79FD0043575A /* XCRemoteSwiftPackageReference "swift-markdown" */ = {
			isa = XCRemoteSwiftPackageReference;
			repositoryURL = "https://github.com/apple/swift-markdown";
			requirement = {
				kind = upToNextMajorVersion;
				minimumVersion = 0.3.0;
			};
		};
/* End XCRemoteSwiftPackageReference section */

/* Begin XCSwiftPackageProductDependency section */
		33C3E8B12B5A79FD0043575A /* Markdown */ = {
			isa = XCSwiftPackageProductDependency;
			package = 33C3E8B02B5A79FD0043575A /* XCRemoteSwiftPackageReference "swift-markdown" */;
			productName = Markdown;
		};
/* End XCSwiftPackageProductDependency section */
	};
	rootObject = C81122922B15E7BB00AD077B /* Project object */;
}
